// !$*UTF8*$!
{
	archiveVersion = 1;
	classes = {
	};
	objectVersion = 46;
	objects = {

/* Begin PBXBuildFile section */
		04DFB71114377946006B3F6F /* main.m in Sources */ = {isa = PBXBuildFile; fileRef = 88CD154B1435859500CDDF1C /* main.m */; };
		04DFB71214377946006B3F6F /* AppController.m in Sources */ = {isa = PBXBuildFile; fileRef = 883CBBED14358E0500D20499 /* AppController.m */; };
		04DFB71314377946006B3F6F /* AppDelegate.m in Sources */ = {isa = PBXBuildFile; fileRef = 883CBBEF14358E0500D20499 /* AppDelegate.m */; };
		04DFB71414377946006B3F6F /* Appirater.m in Sources */ = {isa = PBXBuildFile; fileRef = 883CBBF114358E0500D20499 /* Appirater.m */; };
		04DFB71514377946006B3F6F /* ArrowTextField.m in Sources */ = {isa = PBXBuildFile; fileRef = 883CBBF314358E0500D20499 /* ArrowTextField.m */; };
		04DFB71614377946006B3F6F /* AudioInfo.m in Sources */ = {isa = PBXBuildFile; fileRef = 883CBBF514358E0500D20499 /* AudioInfo.m */; };
		04DFB71714377946006B3F6F /* CharsetQueryController.m in Sources */ = {isa = PBXBuildFile; fileRef = 883CBBFB14358E0600D20499 /* CharsetQueryController.m */; };
		04DFB71814377946006B3F6F /* CocoaAppendix.m in Sources */ = {isa = PBXBuildFile; fileRef = 883CBBFE14358E0600D20499 /* CocoaAppendix.m */; };
		04DFB71914377946006B3F6F /* ControlUIView.m in Sources */ = {isa = PBXBuildFile; fileRef = 883CBC0214358E0600D20499 /* ControlUIView.m */; };
		04DFB71A14377946006B3F6F /* CoreController.m in Sources */ = {isa = PBXBuildFile; fileRef = 883CBC0414358E0600D20499 /* CoreController.m */; };
		04DFB71B14377946006B3F6F /* coredef_private.m in Sources */ = {isa = PBXBuildFile; fileRef = 883CBC0614358E0600D20499 /* coredef_private.m */; };
		04DFB71C14377946006B3F6F /* coredef.m in Sources */ = {isa = PBXBuildFile; fileRef = 883CBC0814358E0600D20499 /* coredef.m */; };
		04DFB71D14377946006B3F6F /* DisplayLayer.m in Sources */ = {isa = PBXBuildFile; fileRef = 883CBC0A14358E0600D20499 /* DisplayLayer.m */; };
		04DFB71E14377946006B3F6F /* DOMProxySPlayer.m in Sources */ = {isa = PBXBuildFile; fileRef = 883CBC0F14358E0600D20499 /* DOMProxySPlayer.m */; };
		04DFB71F14377946006B3F6F /* EqualizerController.m in Sources */ = {isa = PBXBuildFile; fileRef = 883CBC2814358E0600D20499 /* EqualizerController.m */; };
		04DFB72014377946006B3F6F /* FloatWrapFormatter.m in Sources */ = {isa = PBXBuildFile; fileRef = 883CBC2F14358E0600D20499 /* FloatWrapFormatter.m */; };
		04DFB72114377946006B3F6F /* GTMStringEncoding.m in Sources */ = {isa = PBXBuildFile; fileRef = 883CBC3514358E0600D20499 /* GTMStringEncoding.m */; };
		04DFB72214377946006B3F6F /* HueSliderCell.m in Sources */ = {isa = PBXBuildFile; fileRef = 883CBC3914358E0600D20499 /* HueSliderCell.m */; };
		04DFB72314377946006B3F6F /* KeyCode.m in Sources */ = {isa = PBXBuildFile; fileRef = 883CBC3B14358E0600D20499 /* KeyCode.m */; };
		04DFB72414377946006B3F6F /* LaunchServiceHandler.m in Sources */ = {isa = PBXBuildFile; fileRef = 883CBC3D14358E0600D20499 /* LaunchServiceHandler.m */; };
		04DFB72514377946006B3F6F /* LogAnalyzeOperation.m in Sources */ = {isa = PBXBuildFile; fileRef = 883CBC4014358E0600D20499 /* LogAnalyzeOperation.m */; };
		04DFB72614377946006B3F6F /* LogAnalyzer.m in Sources */ = {isa = PBXBuildFile; fileRef = 883CBC4214358E0600D20499 /* LogAnalyzer.m */; };
		04DFB72714377946006B3F6F /* MovieInfo.m in Sources */ = {isa = PBXBuildFile; fileRef = 883CBC4514358E0600D20499 /* MovieInfo.m */; };
		04DFB72814377946006B3F6F /* OpenURLController.m in Sources */ = {isa = PBXBuildFile; fileRef = 883CBC4C14358E0600D20499 /* OpenURLController.m */; };
		04DFB72914377946006B3F6F /* OSDView.m in Sources */ = {isa = PBXBuildFile; fileRef = 883CBC4F14358E0600D20499 /* OSDView.m */; };
		04DFB72A14377946006B3F6F /* ParameterManager.m in Sources */ = {isa = PBXBuildFile; fileRef = 883CBC5114358E0600D20499 /* ParameterManager.m */; };
		04DFB72B14377946006B3F6F /* PlayerController.m in Sources */ = {isa = PBXBuildFile; fileRef = 883CBC5514358E0600D20499 /* PlayerController.m */; };
		04DFB72C14377946006B3F6F /* PlayerCore.m in Sources */ = {isa = PBXBuildFile; fileRef = 883CBC5714358E0600D20499 /* PlayerCore.m */; };
		04DFB72D14377946006B3F6F /* PlayerWindow.m in Sources */ = {isa = PBXBuildFile; fileRef = 883CBC5914358E0600D20499 /* PlayerWindow.m */; };
		04DFB72E14377946006B3F6F /* PlayingInfo.m in Sources */ = {isa = PBXBuildFile; fileRef = 883CBC5B14358E0600D20499 /* PlayingInfo.m */; };
		04DFB72F14377946006B3F6F /* PlayList.m in Sources */ = {isa = PBXBuildFile; fileRef = 883CBC5D14358E0600D20499 /* PlayList.m */; };
		04DFB73014377946006B3F6F /* PrefController.m in Sources */ = {isa = PBXBuildFile; fileRef = 883CBC5F14358E0600D20499 /* PrefController.m */; };
		04DFB73114377946006B3F6F /* ResizeIndicator.m in Sources */ = {isa = PBXBuildFile; fileRef = 883CBC6114358E0600D20499 /* ResizeIndicator.m */; };
		04DFB73214377946006B3F6F /* RootLayerView.m in Sources */ = {isa = PBXBuildFile; fileRef = 883CBC6414358E0600D20499 /* RootLayerView.m */; };
		04DFB73314377946006B3F6F /* ShortCutManager.m in Sources */ = {isa = PBXBuildFile; fileRef = 883CBC6B14358E0600D20499 /* ShortCutManager.m */; };
		04DFB73414377946006B3F6F /* ssclThread.m in Sources */ = {isa = PBXBuildFile; fileRef = 883CBC6E14358E0600D20499 /* ssclThread.m */; };
		04DFB73514377946006B3F6F /* StoreHandler.m in Sources */ = {isa = PBXBuildFile; fileRef = 883CBC7014358E0600D20499 /* StoreHandler.m */; };
		04DFB73614377946006B3F6F /* SubConverter.m in Sources */ = {isa = PBXBuildFile; fileRef = 883CBC7214358E0600D20499 /* SubConverter.m */; };
		04DFB73714377946006B3F6F /* SubInfo.m in Sources */ = {isa = PBXBuildFile; fileRef = 883CBC7414358E0600D20499 /* SubInfo.m */; };
		04DFB73814377946006B3F6F /* TimeFormatter.m in Sources */ = {isa = PBXBuildFile; fileRef = 883CBC7614358E0600D20499 /* TimeFormatter.m */; };
		04DFB73914377946006B3F6F /* TimeSliderCell.m in Sources */ = {isa = PBXBuildFile; fileRef = 883CBC7814358E0600D20499 /* TimeSliderCell.m */; };
		04DFB73A14377946006B3F6F /* TitleView.m in Sources */ = {isa = PBXBuildFile; fileRef = 883CBC7D14358E0600D20499 /* TitleView.m */; };
		04DFB73B14377946006B3F6F /* UserDefaults.m in Sources */ = {isa = PBXBuildFile; fileRef = 883CBC8314358E0600D20499 /* UserDefaults.m */; };
		04DFB73C14377946006B3F6F /* VideoInfo.m in Sources */ = {isa = PBXBuildFile; fileRef = 883CBC8514358E0600D20499 /* VideoInfo.m */; };
		04DFB73D14377946006B3F6F /* VideoTunerController.m in Sources */ = {isa = PBXBuildFile; fileRef = 883CBC8714358E0600D20499 /* VideoTunerController.m */; };
		04DFB73E14377946006B3F6F /* WhiteIntermProgIndicator.m in Sources */ = {isa = PBXBuildFile; fileRef = 883CBC8D14358E0600D20499 /* WhiteIntermProgIndicator.m */; };
		04DFB73F14377946006B3F6F /* AppleRemote.m in Sources */ = {isa = PBXBuildFile; fileRef = 883CBD611435A09600D20499 /* AppleRemote.m */; };
		04DFB74014377946006B3F6F /* HIDRemoteControlDevice.m in Sources */ = {isa = PBXBuildFile; fileRef = 883CBD681435A09600D20499 /* HIDRemoteControlDevice.m */; };
		04DFB74114377946006B3F6F /* RemoteControl.m in Sources */ = {isa = PBXBuildFile; fileRef = 883CBD721435A09600D20499 /* RemoteControl.m */; };
		04DFB74614377946006B3F6F /* CoreData.framework in Frameworks */ = {isa = PBXBuildFile; fileRef = 88CD15431435859500CDDF1C /* CoreData.framework */; };
		04DFB74714377946006B3F6F /* AppKit.framework in Frameworks */ = {isa = PBXBuildFile; fileRef = 88CD15421435859500CDDF1C /* AppKit.framework */; };
		04DFB74814377946006B3F6F /* Foundation.framework in Frameworks */ = {isa = PBXBuildFile; fileRef = 88CD15441435859500CDDF1C /* Foundation.framework */; };
		04DFB74914377946006B3F6F /* IOKit.framework in Frameworks */ = {isa = PBXBuildFile; fileRef = 883CBD3614358E9900D20499 /* IOKit.framework */; };
		04DFB74A14377946006B3F6F /* QuartzCore.framework in Frameworks */ = {isa = PBXBuildFile; fileRef = 883CBD3414358E9100D20499 /* QuartzCore.framework */; };
		04DFB74B14377946006B3F6F /* OpenGL.framework in Frameworks */ = {isa = PBXBuildFile; fileRef = 883CBD3214358E8800D20499 /* OpenGL.framework */; };
		04DFB74C14377946006B3F6F /* WebKit.framework in Frameworks */ = {isa = PBXBuildFile; fileRef = 883CBD3014358E7E00D20499 /* WebKit.framework */; };
		04DFB74D14377946006B3F6F /* SystemConfiguration.framework in Frameworks */ = {isa = PBXBuildFile; fileRef = 883CBD2E14358E6F00D20499 /* SystemConfiguration.framework */; };
		04DFB74E14377946006B3F6F /* Cocoa.framework in Frameworks */ = {isa = PBXBuildFile; fileRef = 88CD153F1435859500CDDF1C /* Cocoa.framework */; };
		04DFB75314377946006B3F6F /* brightness-max.tiff in Resources */ = {isa = PBXBuildFile; fileRef = 883CBBF614358E0500D20499 /* brightness-max.tiff */; };
		04DFB75414377946006B3F6F /* brightness-min.tiff in Resources */ = {isa = PBXBuildFile; fileRef = 883CBBF714358E0500D20499 /* brightness-min.tiff */; };
		04DFB75514377946006B3F6F /* busy-white.html in Resources */ = {isa = PBXBuildFile; fileRef = 883CBBF814358E0500D20499 /* busy-white.html */; };
		04DFB75614377946006B3F6F /* busy.html in Resources */ = {isa = PBXBuildFile; fileRef = 883CBBF914358E0600D20499 /* busy.html */; };
		04DFB75714377946006B3F6F /* close_big.png in Resources */ = {isa = PBXBuildFile; fileRef = 883CBBFC14358E0600D20499 /* close_big.png */; };
		04DFB75814377946006B3F6F /* contrast-max.tiff in Resources */ = {isa = PBXBuildFile; fileRef = 883CBBFF14358E0600D20499 /* contrast-max.tiff */; };
		04DFB75914377946006B3F6F /* contrast-min.tiff in Resources */ = {isa = PBXBuildFile; fileRef = 883CBC0014358E0600D20499 /* contrast-min.tiff */; };
		04DFB75A14377946006B3F6F /* doc_audio.icns in Resources */ = {isa = PBXBuildFile; fileRef = 883CBC0B14358E0600D20499 /* doc_audio.icns */; };
		04DFB75B14377946006B3F6F /* doc_sub.icns in Resources */ = {isa = PBXBuildFile; fileRef = 883CBC0C14358E0600D20499 /* doc_sub.icns */; };
		04DFB75C14377946006B3F6F /* doc_video.icns in Resources */ = {isa = PBXBuildFile; fileRef = 883CBC0D14358E0600D20499 /* doc_video.icns */; };
		04DFB75D14377946006B3F6F /* enterfullscreen.pdf in Resources */ = {isa = PBXBuildFile; fileRef = 883CBC2614358E0600D20499 /* enterfullscreen.pdf */; };
		04DFB75E14377946006B3F6F /* exitfillscreen_lr.pdf in Resources */ = {isa = PBXBuildFile; fileRef = 883CBC2914358E0600D20499 /* exitfillscreen_lr.pdf */; };
		04DFB75F14377946006B3F6F /* exitfillscreen_ub.pdf in Resources */ = {isa = PBXBuildFile; fileRef = 883CBC2A14358E0600D20499 /* exitfillscreen_ub.pdf */; };
		04DFB76014377946006B3F6F /* exitfullscreen.pdf in Resources */ = {isa = PBXBuildFile; fileRef = 883CBC2B14358E0600D20499 /* exitfullscreen.pdf */; };
		04DFB76114377946006B3F6F /* fillscreen_lr.pdf in Resources */ = {isa = PBXBuildFile; fileRef = 883CBC2C14358E0600D20499 /* fillscreen_lr.pdf */; };
		04DFB76214377946006B3F6F /* fillscreen_ub.pdf in Resources */ = {isa = PBXBuildFile; fileRef = 883CBC2D14358E0600D20499 /* fillscreen_ub.pdf */; };
		04DFB76314377946006B3F6F /* fold.pdf in Resources */ = {isa = PBXBuildFile; fileRef = 883CBC3014358E0600D20499 /* fold.pdf */; };
		04DFB76414377946006B3F6F /* gamma-max.png in Resources */ = {isa = PBXBuildFile; fileRef = 883CBC3114358E0600D20499 /* gamma-max.png */; };
		04DFB76514377946006B3F6F /* gamma-min.png in Resources */ = {isa = PBXBuildFile; fileRef = 883CBC3214358E0600D20499 /* gamma-min.png */; };
		04DFB76614377946006B3F6F /* hue-minus.png in Resources */ = {isa = PBXBuildFile; fileRef = 883CBC3614358E0600D20499 /* hue-minus.png */; };
		04DFB76714377946006B3F6F /* hue-plus.png in Resources */ = {isa = PBXBuildFile; fileRef = 883CBC3714358E0600D20499 /* hue-plus.png */; };
		04DFB76814377946006B3F6F /* logo.png in Resources */ = {isa = PBXBuildFile; fileRef = 883CBC4314358E0600D20499 /* logo.png */; };
		04DFB76914377946006B3F6F /* mute.pdf in Resources */ = {isa = PBXBuildFile; fileRef = 883CBC4614358E0600D20499 /* mute.pdf */; };
		04DFB76A14377946006B3F6F /* noisereduction-max.tif in Resources */ = {isa = PBXBuildFile; fileRef = 883CBC4714358E0600D20499 /* noisereduction-max.tif */; };
		04DFB76B14377946006B3F6F /* noisereduction-min.tif in Resources */ = {isa = PBXBuildFile; fileRef = 883CBC4814358E0600D20499 /* noisereduction-min.tif */; };
		04DFB76C14377946006B3F6F /* pause.pdf in Resources */ = {isa = PBXBuildFile; fileRef = 883CBC5214358E0600D20499 /* pause.pdf */; };
		04DFB76D14377946006B3F6F /* play.pdf in Resources */ = {isa = PBXBuildFile; fileRef = 883CBC5314358E0600D20499 /* play.pdf */; };
		04DFB76E14377946006B3F6F /* resizeindicator.png in Resources */ = {isa = PBXBuildFile; fileRef = 883CBC6214358E0600D20499 /* resizeindicator.png */; };
		04DFB76F14377946006B3F6F /* saturation-max.tiff in Resources */ = {isa = PBXBuildFile; fileRef = 883CBC6514358E0600D20499 /* saturation-max.tiff */; };
		04DFB77014377946006B3F6F /* saturation-min.tiff in Resources */ = {isa = PBXBuildFile; fileRef = 883CBC6614358E0600D20499 /* saturation-min.tiff */; };
		04DFB77114377946006B3F6F /* share.pdf in Resources */ = {isa = PBXBuildFile; fileRef = 883CBC6714358E0600D20499 /* share.pdf */; };
		04DFB77214377946006B3F6F /* sharpen-max.tiff in Resources */ = {isa = PBXBuildFile; fileRef = 883CBC6814358E0600D20499 /* sharpen-max.tiff */; };
		04DFB77314377946006B3F6F /* sharpen-min.tiff in Resources */ = {isa = PBXBuildFile; fileRef = 883CBC6914358E0600D20499 /* sharpen-min.tiff */; };
		04DFB77514377946006B3F6F /* titlebar-corner-left.png in Resources */ = {isa = PBXBuildFile; fileRef = 883CBC7914358E0600D20499 /* titlebar-corner-left.png */; };
		04DFB77614377946006B3F6F /* titlebar-corner-right.png in Resources */ = {isa = PBXBuildFile; fileRef = 883CBC7A14358E0600D20499 /* titlebar-corner-right.png */; };
		04DFB77714377946006B3F6F /* titlebar-middle.png in Resources */ = {isa = PBXBuildFile; fileRef = 883CBC7B14358E0600D20499 /* titlebar-middle.png */; };
		04DFB77814377946006B3F6F /* toolbar_audio.icns in Resources */ = {isa = PBXBuildFile; fileRef = 883CBC7E14358E0600D20499 /* toolbar_audio.icns */; };
		04DFB77914377946006B3F6F /* toolbar_video.icns in Resources */ = {isa = PBXBuildFile; fileRef = 883CBC7F14358E0600D20499 /* toolbar_video.icns */; };
		04DFB77A14377946006B3F6F /* unfold.pdf in Resources */ = {isa = PBXBuildFile; fileRef = 883CBC8014358E0600D20499 /* unfold.pdf */; };
		04DFB77B14377946006B3F6F /* vol_high.pdf in Resources */ = {isa = PBXBuildFile; fileRef = 883CBC8814358E0600D20499 /* vol_high.pdf */; };
		04DFB77C14377946006B3F6F /* vol_low.pdf in Resources */ = {isa = PBXBuildFile; fileRef = 883CBC8914358E0600D20499 /* vol_low.pdf */; };
		04DFB77D14377946006B3F6F /* vol_mid.pdf in Resources */ = {isa = PBXBuildFile; fileRef = 883CBC8A14358E0600D20499 /* vol_mid.pdf */; };
		04DFB77E14377946006B3F6F /* vol_no.pdf in Resources */ = {isa = PBXBuildFile; fileRef = 883CBC8B14358E0600D20499 /* vol_no.pdf */; };
		04DFB77F14377946006B3F6F /* wqy-microhei.ttc in Resources */ = {isa = PBXBuildFile; fileRef = 883CBC8E14358E0600D20499 /* wqy-microhei.ttc */; };
		04DFB78814377946006B3F6F /* binaries in Copy binaries */ = {isa = PBXBuildFile; fileRef = 8846C55614362936009043F1 /* binaries */; };
		04DFB78A14377946006B3F6F /* plug-ins in Copy Plug-ins */ = {isa = PBXBuildFile; fileRef = 8846C5591436294F009043F1 /* plug-ins */; };
		04DFB87E14378526006B3F6F /* Equalizer.xib in Resources */ = {isa = PBXBuildFile; fileRef = 042BBC1D1436EBA900749603 /* Equalizer.xib */; };
		04DFB87F14378526006B3F6F /* InfoPlist.strings in Resources */ = {isa = PBXBuildFile; fileRef = 042BBC1F1436EBA900749603 /* InfoPlist.strings */; };
		04DFB88014378526006B3F6F /* Localizable.strings in Resources */ = {isa = PBXBuildFile; fileRef = 042BBC211436EBA900749603 /* Localizable.strings */; };
		04DFB88114378526006B3F6F /* MainMenu.xib in Resources */ = {isa = PBXBuildFile; fileRef = 042BBC231436EBA900749603 /* MainMenu.xib */; };
		04DFB88214378526006B3F6F /* Pref.xib in Resources */ = {isa = PBXBuildFile; fileRef = 042BBC251436EBA900749603 /* Pref.xib */; };
		04DFB88314378526006B3F6F /* SubEncoding.xib in Resources */ = {isa = PBXBuildFile; fileRef = 042BBC271436EBA900749603 /* SubEncoding.xib */; };
		04DFB88414378526006B3F6F /* VideoTuner.xib in Resources */ = {isa = PBXBuildFile; fileRef = 042BBC291436EBA900749603 /* VideoTuner.xib */; };
		880BFEAA19ED6CD80031F8D9 /* SPlayerX.Quick.Look.qlgenerator in CopyFiles */ = {isa = PBXBuildFile; fileRef = 880BFEA619ED69810031F8D9 /* SPlayerX.Quick.Look.qlgenerator */; settings = {ATTRIBUTES = (CodeSignOnCopy, RemoveHeadersOnCopy, ); }; };
		880BFEB019ED6F540031F8D9 /* UniversalDetector.framework in Copy Frameworks */ = {isa = PBXBuildFile; fileRef = 883CBD4514359FD600D20499 /* UniversalDetector.framework */; settings = {ATTRIBUTES = (CodeSignOnCopy, RemoveHeadersOnCopy, ); }; };
		880BFEB119ED6F8D0031F8D9 /* BGHUDAppKit.framework in Copy Frameworks */ = {isa = PBXBuildFile; fileRef = 8846C54E14362813009043F1 /* BGHUDAppKit.framework */; settings = {ATTRIBUTES = (CodeSignOnCopy, RemoveHeadersOnCopy, ); }; };
		880BFEB219ED6FB80031F8D9 /* BGHUDAppKit.framework in Frameworks */ = {isa = PBXBuildFile; fileRef = 8846C54E14362813009043F1 /* BGHUDAppKit.framework */; };
		880BFEB319ED6FC20031F8D9 /* UniversalDetector.framework in Frameworks */ = {isa = PBXBuildFile; fileRef = 883CBD4514359FD600D20499 /* UniversalDetector.framework */; };
		880BFEBB19ED73470031F8D9 /* Equalizer.xib in Resources */ = {isa = PBXBuildFile; fileRef = 042CE0401436CB4400730552 /* Equalizer.xib */; };
		880BFEBC19ED73470031F8D9 /* InfoPlist.strings in Resources */ = {isa = PBXBuildFile; fileRef = 042CE0421436CB4400730552 /* InfoPlist.strings */; };
		880BFEBD19ED73470031F8D9 /* Localizable.strings in Resources */ = {isa = PBXBuildFile; fileRef = 042CE0441436CB4400730552 /* Localizable.strings */; };
		880BFEBE19ED73470031F8D9 /* MainMenu.xib in Resources */ = {isa = PBXBuildFile; fileRef = 042CE0461436CB4400730552 /* MainMenu.xib */; };
		880BFEBF19ED73470031F8D9 /* Pref.xib in Resources */ = {isa = PBXBuildFile; fileRef = 042CE0481436CB4400730552 /* Pref.xib */; };
		880BFEC019ED73470031F8D9 /* SubEncoding.xib in Resources */ = {isa = PBXBuildFile; fileRef = 042CE04A1436CB4400730552 /* SubEncoding.xib */; };
		880BFEC119ED73470031F8D9 /* VideoTuner.xib in Resources */ = {isa = PBXBuildFile; fileRef = 042CE04C1436CB4400730552 /* VideoTuner.xib */; };
		880BFEC219ED735B0031F8D9 /* Equalizer.xib in Resources */ = {isa = PBXBuildFile; fileRef = 042CE0311436CB4400730552 /* Equalizer.xib */; };
		880BFEC319ED735B0031F8D9 /* InfoPlist.strings in Resources */ = {isa = PBXBuildFile; fileRef = 042CE0331436CB4400730552 /* InfoPlist.strings */; };
		880BFEC419ED735B0031F8D9 /* Localizable.strings in Resources */ = {isa = PBXBuildFile; fileRef = 042CE0351436CB4400730552 /* Localizable.strings */; };
		880BFEC519ED735B0031F8D9 /* MainMenu.xib in Resources */ = {isa = PBXBuildFile; fileRef = 042CE0371436CB4400730552 /* MainMenu.xib */; };
		880BFEC619ED735B0031F8D9 /* Pref.xib in Resources */ = {isa = PBXBuildFile; fileRef = 042CE0391436CB4400730552 /* Pref.xib */; };
		880BFEC719ED735B0031F8D9 /* SubEncoding.xib in Resources */ = {isa = PBXBuildFile; fileRef = 042CE03B1436CB4400730552 /* SubEncoding.xib */; };
		880BFEC819ED735B0031F8D9 /* VideoTuner.xib in Resources */ = {isa = PBXBuildFile; fileRef = 042CE03D1436CB4400730552 /* VideoTuner.xib */; };
		8885F74B19E55DA700FE7125 /* Images.xcassets in Resources */ = {isa = PBXBuildFile; fileRef = 8885F74A19E55DA700FE7125 /* Images.xcassets */; };
		8885F78A19E5E75800FE7125 /* libssl.dylib in Frameworks */ = {isa = PBXBuildFile; fileRef = 889E6D0D17B0D58500E86051 /* libssl.dylib */; };
		889E6D0C17B0D4F000E86051 /* validatereceipt.m in Sources */ = {isa = PBXBuildFile; fileRef = 04D70060143EDD24001E26AA /* validatereceipt.m */; };
		889E6D0F17B0D62D00E86051 /* Security.framework in Frameworks */ = {isa = PBXBuildFile; fileRef = 04D7005D143ED6E9001E26AA /* Security.framework */; };
		889E6D1517B0D9A000E86051 /* libcrypto.dylib in Frameworks */ = {isa = PBXBuildFile; fileRef = 889E6D1417B0D9A000E86051 /* libcrypto.dylib */; };
/* End PBXBuildFile section */

/* Begin PBXContainerItemProxy section */
		04DFB70C14377946006B3F6F /* PBXContainerItemProxy */ = {
			isa = PBXContainerItemProxy;
			containerPortal = 8846C54414362813009043F1 /* BGHUDAppKit.xcodeproj */;
			proxyType = 1;
			remoteGlobalIDString = 53DF68FC067E5B5A0090B5B0;
			remoteInfo = BGHUDAppKit;
		};
		04DFB70E14377946006B3F6F /* PBXContainerItemProxy */ = {
			isa = PBXContainerItemProxy;
			containerPortal = 883CBD3B14359FD600D20499 /* UniversalDetector.xcodeproj */;
			proxyType = 1;
			remoteGlobalIDString = 8DC2EF4F0486A6940098B216;
			remoteInfo = UniversalDetector;
		};
		880BFEA519ED69810031F8D9 /* PBXContainerItemProxy */ = {
			isa = PBXContainerItemProxy;
			containerPortal = 880BFEA119ED69800031F8D9 /* SPlayerX.Quick.Look.xcodeproj */;
			proxyType = 2;
			remoteGlobalIDString = 880BFE9119ED69800031F8D9;
			remoteInfo = SPlayerX.Quick.Look;
		};
		880BFEA719ED6AC30031F8D9 /* PBXContainerItemProxy */ = {
			isa = PBXContainerItemProxy;
			containerPortal = 880BFEA119ED69800031F8D9 /* SPlayerX.Quick.Look.xcodeproj */;
			proxyType = 1;
			remoteGlobalIDString = 880BFE9019ED69800031F8D9;
			remoteInfo = SPlayerX.Quick.Look;
		};
		883CBD4414359FD600D20499 /* PBXContainerItemProxy */ = {
			isa = PBXContainerItemProxy;
			containerPortal = 883CBD3B14359FD600D20499 /* UniversalDetector.xcodeproj */;
			proxyType = 2;
			remoteGlobalIDString = 8DC2EF5B0486A6940098B216;
			remoteInfo = UniversalDetector;
		};
		883CBD4614359FD600D20499 /* PBXContainerItemProxy */ = {
			isa = PBXContainerItemProxy;
			containerPortal = 883CBD3B14359FD600D20499 /* UniversalDetector.xcodeproj */;
			proxyType = 2;
			remoteGlobalIDString = 1B0DDCAB0A2D0AD10009B697;
			remoteInfo = DetectorTest;
		};
		8846C54D14362813009043F1 /* PBXContainerItemProxy */ = {
			isa = PBXContainerItemProxy;
			containerPortal = 8846C54414362813009043F1 /* BGHUDAppKit.xcodeproj */;
			proxyType = 2;
			remoteGlobalIDString = 53DF68FD067E5B5A0090B5B0;
			remoteInfo = BGHUDAppKit;
		};
		8846C54F14362813009043F1 /* PBXContainerItemProxy */ = {
			isa = PBXContainerItemProxy;
			containerPortal = 8846C54414362813009043F1 /* BGHUDAppKit.xcodeproj */;
			proxyType = 2;
			remoteGlobalIDString = 8D1AC9740486D14A00FE50C9;
			remoteInfo = BGHUDAppKitPlugin;
		};
/* End PBXContainerItemProxy section */

/* Begin PBXCopyFilesBuildPhase section */
		04DFB74F14377946006B3F6F /* Copy Frameworks */ = {
			isa = PBXCopyFilesBuildPhase;
			buildActionMask = 2147483647;
			dstPath = "";
			dstSubfolderSpec = 10;
			files = (
				880BFEB119ED6F8D0031F8D9 /* BGHUDAppKit.framework in Copy Frameworks */,
				880BFEB019ED6F540031F8D9 /* UniversalDetector.framework in Copy Frameworks */,
			);
			name = "Copy Frameworks";
			runOnlyForDeploymentPostprocessing = 0;
		};
		04DFB78714377946006B3F6F /* Copy binaries */ = {
			isa = PBXCopyFilesBuildPhase;
			buildActionMask = 2147483647;
			dstPath = "";
			dstSubfolderSpec = 7;
			files = (
				04DFB78814377946006B3F6F /* binaries in Copy binaries */,
			);
			name = "Copy binaries";
			runOnlyForDeploymentPostprocessing = 0;
		};
		04DFB78914377946006B3F6F /* Copy Plug-ins */ = {
			isa = PBXCopyFilesBuildPhase;
			buildActionMask = 2147483647;
			dstPath = "";
			dstSubfolderSpec = 7;
			files = (
				04DFB78A14377946006B3F6F /* plug-ins in Copy Plug-ins */,
			);
			name = "Copy Plug-ins";
			runOnlyForDeploymentPostprocessing = 0;
		};
		880BFEA919ED6C880031F8D9 /* CopyFiles */ = {
			isa = PBXCopyFilesBuildPhase;
			buildActionMask = 2147483647;
			dstPath = Contents/Library/QuickLook;
			dstSubfolderSpec = 1;
			files = (
				880BFEAA19ED6CD80031F8D9 /* SPlayerX.Quick.Look.qlgenerator in CopyFiles */,
			);
			runOnlyForDeploymentPostprocessing = 0;
		};
/* End PBXCopyFilesBuildPhase section */

/* Begin PBXFileReference section */
		042BBC1E1436EBA900749603 /* en */ = {isa = PBXFileReference; lastKnownFileType = file.xib; name = en; path = Equalizer.xib; sourceTree = "<group>"; };
		042BBC201436EBA900749603 /* en */ = {isa = PBXFileReference; lastKnownFileType = text.plist.strings; name = en; path = InfoPlist.strings; sourceTree = "<group>"; };
		042BBC221436EBA900749603 /* en */ = {isa = PBXFileReference; lastKnownFileType = text.plist.strings; name = en; path = Localizable.strings; sourceTree = "<group>"; };
		042BBC241436EBA900749603 /* en */ = {isa = PBXFileReference; lastKnownFileType = file.xib; name = en; path = MainMenu.xib; sourceTree = "<group>"; };
		042BBC261436EBA900749603 /* en */ = {isa = PBXFileReference; lastKnownFileType = file.xib; name = en; path = Pref.xib; sourceTree = "<group>"; };
		042BBC281436EBA900749603 /* en */ = {isa = PBXFileReference; lastKnownFileType = file.xib; name = en; path = SubEncoding.xib; sourceTree = "<group>"; };
		042BBC2A1436EBA900749603 /* en */ = {isa = PBXFileReference; lastKnownFileType = file.xib; name = en; path = VideoTuner.xib; sourceTree = "<group>"; };
		042CE0321436CB4400730552 /* zh_cn */ = {isa = PBXFileReference; lastKnownFileType = file.xib; name = zh_cn; path = Equalizer.xib; sourceTree = "<group>"; };
		042CE0341436CB4400730552 /* zh_cn */ = {isa = PBXFileReference; lastKnownFileType = text.plist.strings; name = zh_cn; path = InfoPlist.strings; sourceTree = "<group>"; };
		042CE0361436CB4400730552 /* zh_cn */ = {isa = PBXFileReference; lastKnownFileType = text.plist.strings; name = zh_cn; path = Localizable.strings; sourceTree = "<group>"; };
		042CE0381436CB4400730552 /* zh_cn */ = {isa = PBXFileReference; lastKnownFileType = file.xib; name = zh_cn; path = MainMenu.xib; sourceTree = "<group>"; };
		042CE03A1436CB4400730552 /* zh_cn */ = {isa = PBXFileReference; lastKnownFileType = file.xib; name = zh_cn; path = Pref.xib; sourceTree = "<group>"; };
		042CE03C1436CB4400730552 /* zh_cn */ = {isa = PBXFileReference; lastKnownFileType = file.xib; name = zh_cn; path = SubEncoding.xib; sourceTree = "<group>"; };
		042CE03E1436CB4400730552 /* zh_cn */ = {isa = PBXFileReference; lastKnownFileType = file.xib; name = zh_cn; path = VideoTuner.xib; sourceTree = "<group>"; };
		042CE0411436CB4400730552 /* zh_tw */ = {isa = PBXFileReference; lastKnownFileType = file.xib; name = zh_tw; path = Equalizer.xib; sourceTree = "<group>"; };
		042CE0431436CB4400730552 /* zh_tw */ = {isa = PBXFileReference; lastKnownFileType = text.plist.strings; name = zh_tw; path = InfoPlist.strings; sourceTree = "<group>"; };
		042CE0451436CB4400730552 /* zh_tw */ = {isa = PBXFileReference; lastKnownFileType = text.plist.strings; name = zh_tw; path = Localizable.strings; sourceTree = "<group>"; };
		042CE0471436CB4400730552 /* zh_tw */ = {isa = PBXFileReference; lastKnownFileType = file.xib; name = zh_tw; path = MainMenu.xib; sourceTree = "<group>"; };
		042CE0491436CB4400730552 /* zh_tw */ = {isa = PBXFileReference; lastKnownFileType = file.xib; name = zh_tw; path = Pref.xib; sourceTree = "<group>"; };
		042CE04B1436CB4400730552 /* zh_tw */ = {isa = PBXFileReference; lastKnownFileType = file.xib; name = zh_tw; path = SubEncoding.xib; sourceTree = "<group>"; };
		042CE04D1436CB4400730552 /* zh_tw */ = {isa = PBXFileReference; lastKnownFileType = file.xib; name = zh_tw; path = VideoTuner.xib; sourceTree = "<group>"; };
		04D7005D143ED6E9001E26AA /* Security.framework */ = {isa = PBXFileReference; lastKnownFileType = wrapper.framework; name = Security.framework; path = System/Library/Frameworks/Security.framework; sourceTree = SDKROOT; };
		04D7005F143EDD24001E26AA /* validatereceipt.h */ = {isa = PBXFileReference; fileEncoding = 4; lastKnownFileType = sourcecode.c.h; name = validatereceipt.h; path = SPlayerX/validatereceipt.h; sourceTree = "<group>"; };
		04D70060143EDD24001E26AA /* validatereceipt.m */ = {isa = PBXFileReference; fileEncoding = 4; lastKnownFileType = sourcecode.c.objc; name = validatereceipt.m; path = SPlayerX/validatereceipt.m; sourceTree = "<group>"; };
		04DFB78E14377946006B3F6F /* SPlayerX.app */ = {isa = PBXFileReference; explicitFileType = wrapper.application; includeInIndex = 0; path = SPlayerX.app; sourceTree = BUILT_PRODUCTS_DIR; };
		880BFEA119ED69800031F8D9 /* SPlayerX.Quick.Look.xcodeproj */ = {isa = PBXFileReference; lastKnownFileType = "wrapper.pb-project"; name = SPlayerX.Quick.Look.xcodeproj; path = SPlayerX.Quick.Look/SPlayerX.Quick.Look.xcodeproj; sourceTree = "<group>"; };
		883CBBEC14358E0500D20499 /* AppController.h */ = {isa = PBXFileReference; fileEncoding = 4; lastKnownFileType = sourcecode.c.h; path = AppController.h; sourceTree = "<group>"; };
		883CBBED14358E0500D20499 /* AppController.m */ = {isa = PBXFileReference; fileEncoding = 4; lastKnownFileType = sourcecode.c.objc; path = AppController.m; sourceTree = "<group>"; };
		883CBBEE14358E0500D20499 /* AppDelegate.h */ = {isa = PBXFileReference; fileEncoding = 4; lastKnownFileType = sourcecode.c.h; path = AppDelegate.h; sourceTree = "<group>"; };
		883CBBEF14358E0500D20499 /* AppDelegate.m */ = {isa = PBXFileReference; fileEncoding = 4; lastKnownFileType = sourcecode.c.objc; path = AppDelegate.m; sourceTree = "<group>"; };
		883CBBF014358E0500D20499 /* Appirater.h */ = {isa = PBXFileReference; fileEncoding = 4; lastKnownFileType = sourcecode.c.h; name = Appirater.h; path = SPlayerX/Appirater.h; sourceTree = "<group>"; };
		883CBBF114358E0500D20499 /* Appirater.m */ = {isa = PBXFileReference; fileEncoding = 4; lastKnownFileType = sourcecode.c.objc; name = Appirater.m; path = SPlayerX/Appirater.m; sourceTree = "<group>"; };
		883CBBF214358E0500D20499 /* ArrowTextField.h */ = {isa = PBXFileReference; fileEncoding = 4; lastKnownFileType = sourcecode.c.h; path = ArrowTextField.h; sourceTree = "<group>"; };
		883CBBF314358E0500D20499 /* ArrowTextField.m */ = {isa = PBXFileReference; fileEncoding = 4; lastKnownFileType = sourcecode.c.objc; path = ArrowTextField.m; sourceTree = "<group>"; };
		883CBBF414358E0500D20499 /* AudioInfo.h */ = {isa = PBXFileReference; fileEncoding = 4; lastKnownFileType = sourcecode.c.h; path = AudioInfo.h; sourceTree = "<group>"; };
		883CBBF514358E0500D20499 /* AudioInfo.m */ = {isa = PBXFileReference; fileEncoding = 4; lastKnownFileType = sourcecode.c.objc; path = AudioInfo.m; sourceTree = "<group>"; };
		883CBBF614358E0500D20499 /* brightness-max.tiff */ = {isa = PBXFileReference; lastKnownFileType = image.tiff; path = "brightness-max.tiff"; sourceTree = "<group>"; };
		883CBBF714358E0500D20499 /* brightness-min.tiff */ = {isa = PBXFileReference; lastKnownFileType = image.tiff; path = "brightness-min.tiff"; sourceTree = "<group>"; };
		883CBBF814358E0500D20499 /* busy-white.html */ = {isa = PBXFileReference; fileEncoding = 4; lastKnownFileType = text.html; path = "busy-white.html"; sourceTree = "<group>"; };
		883CBBF914358E0600D20499 /* busy.html */ = {isa = PBXFileReference; fileEncoding = 4; lastKnownFileType = text.html; path = busy.html; sourceTree = "<group>"; };
		883CBBFA14358E0600D20499 /* CharsetQueryController.h */ = {isa = PBXFileReference; fileEncoding = 4; lastKnownFileType = sourcecode.c.h; path = CharsetQueryController.h; sourceTree = "<group>"; };
		883CBBFB14358E0600D20499 /* CharsetQueryController.m */ = {isa = PBXFileReference; fileEncoding = 4; lastKnownFileType = sourcecode.c.objc; path = CharsetQueryController.m; sourceTree = "<group>"; };
		883CBBFC14358E0600D20499 /* close_big.png */ = {isa = PBXFileReference; lastKnownFileType = image.png; path = close_big.png; sourceTree = "<group>"; };
		883CBBFD14358E0600D20499 /* CocoaAppendix.h */ = {isa = PBXFileReference; fileEncoding = 4; lastKnownFileType = sourcecode.c.h; path = CocoaAppendix.h; sourceTree = "<group>"; };
		883CBBFE14358E0600D20499 /* CocoaAppendix.m */ = {isa = PBXFileReference; fileEncoding = 4; lastKnownFileType = sourcecode.c.objc; path = CocoaAppendix.m; sourceTree = "<group>"; };
		883CBBFF14358E0600D20499 /* contrast-max.tiff */ = {isa = PBXFileReference; lastKnownFileType = image.tiff; path = "contrast-max.tiff"; sourceTree = "<group>"; };
		883CBC0014358E0600D20499 /* contrast-min.tiff */ = {isa = PBXFileReference; lastKnownFileType = image.tiff; path = "contrast-min.tiff"; sourceTree = "<group>"; };
		883CBC0114358E0600D20499 /* ControlUIView.h */ = {isa = PBXFileReference; fileEncoding = 4; lastKnownFileType = sourcecode.c.h; path = ControlUIView.h; sourceTree = "<group>"; };
		883CBC0214358E0600D20499 /* ControlUIView.m */ = {isa = PBXFileReference; fileEncoding = 4; lastKnownFileType = sourcecode.c.objc; path = ControlUIView.m; sourceTree = "<group>"; };
		883CBC0314358E0600D20499 /* CoreController.h */ = {isa = PBXFileReference; fileEncoding = 4; lastKnownFileType = sourcecode.c.h; path = CoreController.h; sourceTree = "<group>"; };
		883CBC0414358E0600D20499 /* CoreController.m */ = {isa = PBXFileReference; fileEncoding = 4; lastKnownFileType = sourcecode.c.objc; path = CoreController.m; sourceTree = "<group>"; };
		883CBC0514358E0600D20499 /* coredef_private.h */ = {isa = PBXFileReference; fileEncoding = 4; lastKnownFileType = sourcecode.c.h; path = coredef_private.h; sourceTree = "<group>"; };
		883CBC0614358E0600D20499 /* coredef_private.m */ = {isa = PBXFileReference; fileEncoding = 4; lastKnownFileType = sourcecode.c.objc; path = coredef_private.m; sourceTree = "<group>"; };
		883CBC0714358E0600D20499 /* coredef.h */ = {isa = PBXFileReference; fileEncoding = 4; lastKnownFileType = sourcecode.c.h; path = coredef.h; sourceTree = "<group>"; };
		883CBC0814358E0600D20499 /* coredef.m */ = {isa = PBXFileReference; fileEncoding = 4; lastKnownFileType = sourcecode.c.objc; path = coredef.m; sourceTree = "<group>"; };
		883CBC0914358E0600D20499 /* DisplayLayer.h */ = {isa = PBXFileReference; fileEncoding = 4; lastKnownFileType = sourcecode.c.h; path = DisplayLayer.h; sourceTree = "<group>"; };
		883CBC0A14358E0600D20499 /* DisplayLayer.m */ = {isa = PBXFileReference; fileEncoding = 4; lastKnownFileType = sourcecode.c.objc; path = DisplayLayer.m; sourceTree = "<group>"; };
		883CBC0B14358E0600D20499 /* doc_audio.icns */ = {isa = PBXFileReference; lastKnownFileType = image.icns; path = doc_audio.icns; sourceTree = "<group>"; };
		883CBC0C14358E0600D20499 /* doc_sub.icns */ = {isa = PBXFileReference; lastKnownFileType = image.icns; path = doc_sub.icns; sourceTree = "<group>"; };
		883CBC0D14358E0600D20499 /* doc_video.icns */ = {isa = PBXFileReference; lastKnownFileType = image.icns; path = doc_video.icns; sourceTree = "<group>"; };
		883CBC0E14358E0600D20499 /* DOMProxySPlayer.h */ = {isa = PBXFileReference; fileEncoding = 4; lastKnownFileType = sourcecode.c.h; path = DOMProxySPlayer.h; sourceTree = "<group>"; };
		883CBC0F14358E0600D20499 /* DOMProxySPlayer.m */ = {isa = PBXFileReference; fileEncoding = 4; lastKnownFileType = sourcecode.c.objc; path = DOMProxySPlayer.m; sourceTree = "<group>"; };
		883CBC2614358E0600D20499 /* enterfullscreen.pdf */ = {isa = PBXFileReference; lastKnownFileType = image.pdf; path = enterfullscreen.pdf; sourceTree = "<group>"; };
		883CBC2714358E0600D20499 /* EqualizerController.h */ = {isa = PBXFileReference; fileEncoding = 4; lastKnownFileType = sourcecode.c.h; path = EqualizerController.h; sourceTree = "<group>"; };
		883CBC2814358E0600D20499 /* EqualizerController.m */ = {isa = PBXFileReference; fileEncoding = 4; lastKnownFileType = sourcecode.c.objc; path = EqualizerController.m; sourceTree = "<group>"; };
		883CBC2914358E0600D20499 /* exitfillscreen_lr.pdf */ = {isa = PBXFileReference; lastKnownFileType = image.pdf; path = exitfillscreen_lr.pdf; sourceTree = "<group>"; };
		883CBC2A14358E0600D20499 /* exitfillscreen_ub.pdf */ = {isa = PBXFileReference; lastKnownFileType = image.pdf; path = exitfillscreen_ub.pdf; sourceTree = "<group>"; };
		883CBC2B14358E0600D20499 /* exitfullscreen.pdf */ = {isa = PBXFileReference; lastKnownFileType = image.pdf; path = exitfullscreen.pdf; sourceTree = "<group>"; };
		883CBC2C14358E0600D20499 /* fillscreen_lr.pdf */ = {isa = PBXFileReference; lastKnownFileType = image.pdf; path = fillscreen_lr.pdf; sourceTree = "<group>"; };
		883CBC2D14358E0600D20499 /* fillscreen_ub.pdf */ = {isa = PBXFileReference; lastKnownFileType = image.pdf; path = fillscreen_ub.pdf; sourceTree = "<group>"; };
		883CBC2E14358E0600D20499 /* FloatWrapFormatter.h */ = {isa = PBXFileReference; fileEncoding = 4; lastKnownFileType = sourcecode.c.h; path = FloatWrapFormatter.h; sourceTree = "<group>"; };
		883CBC2F14358E0600D20499 /* FloatWrapFormatter.m */ = {isa = PBXFileReference; fileEncoding = 4; lastKnownFileType = sourcecode.c.objc; path = FloatWrapFormatter.m; sourceTree = "<group>"; };
		883CBC3014358E0600D20499 /* fold.pdf */ = {isa = PBXFileReference; lastKnownFileType = image.pdf; path = fold.pdf; sourceTree = "<group>"; };
		883CBC3114358E0600D20499 /* gamma-max.png */ = {isa = PBXFileReference; lastKnownFileType = image.png; path = "gamma-max.png"; sourceTree = "<group>"; };
		883CBC3214358E0600D20499 /* gamma-min.png */ = {isa = PBXFileReference; lastKnownFileType = image.png; path = "gamma-min.png"; sourceTree = "<group>"; };
		883CBC3314358E0600D20499 /* GTMDefines.h */ = {isa = PBXFileReference; fileEncoding = 4; lastKnownFileType = sourcecode.c.h; name = GTMDefines.h; path = SPlayerX/GTMDefines.h; sourceTree = "<group>"; };
		883CBC3414358E0600D20499 /* GTMStringEncoding.h */ = {isa = PBXFileReference; fileEncoding = 4; lastKnownFileType = sourcecode.c.h; name = GTMStringEncoding.h; path = SPlayerX/GTMStringEncoding.h; sourceTree = "<group>"; };
		883CBC3514358E0600D20499 /* GTMStringEncoding.m */ = {isa = PBXFileReference; fileEncoding = 4; lastKnownFileType = sourcecode.c.objc; name = GTMStringEncoding.m; path = SPlayerX/GTMStringEncoding.m; sourceTree = "<group>"; };
		883CBC3614358E0600D20499 /* hue-minus.png */ = {isa = PBXFileReference; lastKnownFileType = image.png; path = "hue-minus.png"; sourceTree = "<group>"; };
		883CBC3714358E0600D20499 /* hue-plus.png */ = {isa = PBXFileReference; lastKnownFileType = image.png; path = "hue-plus.png"; sourceTree = "<group>"; };
		883CBC3814358E0600D20499 /* HueSliderCell.h */ = {isa = PBXFileReference; fileEncoding = 4; lastKnownFileType = sourcecode.c.h; path = HueSliderCell.h; sourceTree = "<group>"; };
		883CBC3914358E0600D20499 /* HueSliderCell.m */ = {isa = PBXFileReference; fileEncoding = 4; lastKnownFileType = sourcecode.c.objc; path = HueSliderCell.m; sourceTree = "<group>"; };
		883CBC3A14358E0600D20499 /* KeyCode.h */ = {isa = PBXFileReference; fileEncoding = 4; lastKnownFileType = sourcecode.c.h; path = KeyCode.h; sourceTree = "<group>"; };
		883CBC3B14358E0600D20499 /* KeyCode.m */ = {isa = PBXFileReference; fileEncoding = 4; lastKnownFileType = sourcecode.c.objc; path = KeyCode.m; sourceTree = "<group>"; };
		883CBC3C14358E0600D20499 /* LaunchServiceHandler.h */ = {isa = PBXFileReference; fileEncoding = 4; lastKnownFileType = sourcecode.c.h; path = LaunchServiceHandler.h; sourceTree = "<group>"; };
		883CBC3D14358E0600D20499 /* LaunchServiceHandler.m */ = {isa = PBXFileReference; fileEncoding = 4; lastKnownFileType = sourcecode.c.objc; path = LaunchServiceHandler.m; sourceTree = "<group>"; };
		883CBC3E14358E0600D20499 /* LocalizedStrings.h */ = {isa = PBXFileReference; fileEncoding = 4; lastKnownFileType = sourcecode.c.h; path = LocalizedStrings.h; sourceTree = "<group>"; };
		883CBC3F14358E0600D20499 /* LogAnalyzeOperation.h */ = {isa = PBXFileReference; fileEncoding = 4; lastKnownFileType = sourcecode.c.h; path = LogAnalyzeOperation.h; sourceTree = "<group>"; };
		883CBC4014358E0600D20499 /* LogAnalyzeOperation.m */ = {isa = PBXFileReference; fileEncoding = 4; lastKnownFileType = sourcecode.c.objc; path = LogAnalyzeOperation.m; sourceTree = "<group>"; };
		883CBC4114358E0600D20499 /* LogAnalyzer.h */ = {isa = PBXFileReference; fileEncoding = 4; lastKnownFileType = sourcecode.c.h; path = LogAnalyzer.h; sourceTree = "<group>"; };
		883CBC4214358E0600D20499 /* LogAnalyzer.m */ = {isa = PBXFileReference; fileEncoding = 4; lastKnownFileType = sourcecode.c.objc; path = LogAnalyzer.m; sourceTree = "<group>"; };
		883CBC4314358E0600D20499 /* logo.png */ = {isa = PBXFileReference; lastKnownFileType = image.png; path = logo.png; sourceTree = "<group>"; };
		883CBC4414358E0600D20499 /* MovieInfo.h */ = {isa = PBXFileReference; fileEncoding = 4; lastKnownFileType = sourcecode.c.h; path = MovieInfo.h; sourceTree = "<group>"; };
		883CBC4514358E0600D20499 /* MovieInfo.m */ = {isa = PBXFileReference; fileEncoding = 4; lastKnownFileType = sourcecode.c.objc; path = MovieInfo.m; sourceTree = "<group>"; };
		883CBC4614358E0600D20499 /* mute.pdf */ = {isa = PBXFileReference; lastKnownFileType = image.pdf; path = mute.pdf; sourceTree = "<group>"; };
		883CBC4714358E0600D20499 /* noisereduction-max.tif */ = {isa = PBXFileReference; lastKnownFileType = image.tiff; path = "noisereduction-max.tif"; sourceTree = "<group>"; };
		883CBC4814358E0600D20499 /* noisereduction-min.tif */ = {isa = PBXFileReference; lastKnownFileType = image.tiff; path = "noisereduction-min.tif"; sourceTree = "<group>"; };
		883CBC4914358E0600D20499 /* NSTokenAttachment.h */ = {isa = PBXFileReference; fileEncoding = 4; lastKnownFileType = sourcecode.c.h; path = NSTokenAttachment.h; sourceTree = "<group>"; };
		883CBC4A14358E0600D20499 /* NSTokenAttachmentCell.h */ = {isa = PBXFileReference; fileEncoding = 4; lastKnownFileType = sourcecode.c.h; path = NSTokenAttachmentCell.h; sourceTree = "<group>"; };
		883CBC4B14358E0600D20499 /* OpenURLController.h */ = {isa = PBXFileReference; fileEncoding = 4; lastKnownFileType = sourcecode.c.h; path = OpenURLController.h; sourceTree = "<group>"; };
		883CBC4C14358E0600D20499 /* OpenURLController.m */ = {isa = PBXFileReference; fileEncoding = 4; lastKnownFileType = sourcecode.c.objc; path = OpenURLController.m; sourceTree = "<group>"; };
		883CBC4E14358E0600D20499 /* OSDView.h */ = {isa = PBXFileReference; fileEncoding = 4; lastKnownFileType = sourcecode.c.h; path = OSDView.h; sourceTree = "<group>"; };
		883CBC4F14358E0600D20499 /* OSDView.m */ = {isa = PBXFileReference; fileEncoding = 4; lastKnownFileType = sourcecode.c.objc; path = OSDView.m; sourceTree = "<group>"; };
		883CBC5014358E0600D20499 /* ParameterManager.h */ = {isa = PBXFileReference; fileEncoding = 4; lastKnownFileType = sourcecode.c.h; path = ParameterManager.h; sourceTree = "<group>"; };
		883CBC5114358E0600D20499 /* ParameterManager.m */ = {isa = PBXFileReference; fileEncoding = 4; lastKnownFileType = sourcecode.c.objc; path = ParameterManager.m; sourceTree = "<group>"; };
		883CBC5214358E0600D20499 /* pause.pdf */ = {isa = PBXFileReference; lastKnownFileType = image.pdf; path = pause.pdf; sourceTree = "<group>"; };
		883CBC5314358E0600D20499 /* play.pdf */ = {isa = PBXFileReference; lastKnownFileType = image.pdf; path = play.pdf; sourceTree = "<group>"; };
		883CBC5414358E0600D20499 /* PlayerController.h */ = {isa = PBXFileReference; fileEncoding = 4; lastKnownFileType = sourcecode.c.h; path = PlayerController.h; sourceTree = "<group>"; };
		883CBC5514358E0600D20499 /* PlayerController.m */ = {isa = PBXFileReference; fileEncoding = 4; lastKnownFileType = sourcecode.c.objc; path = PlayerController.m; sourceTree = "<group>"; };
		883CBC5614358E0600D20499 /* PlayerCore.h */ = {isa = PBXFileReference; fileEncoding = 4; lastKnownFileType = sourcecode.c.h; path = PlayerCore.h; sourceTree = "<group>"; };
		883CBC5714358E0600D20499 /* PlayerCore.m */ = {isa = PBXFileReference; fileEncoding = 4; lastKnownFileType = sourcecode.c.objc; path = PlayerCore.m; sourceTree = "<group>"; };
		883CBC5814358E0600D20499 /* PlayerWindow.h */ = {isa = PBXFileReference; fileEncoding = 4; lastKnownFileType = sourcecode.c.h; path = PlayerWindow.h; sourceTree = "<group>"; };
		883CBC5914358E0600D20499 /* PlayerWindow.m */ = {isa = PBXFileReference; fileEncoding = 4; lastKnownFileType = sourcecode.c.objc; path = PlayerWindow.m; sourceTree = "<group>"; };
		883CBC5A14358E0600D20499 /* PlayingInfo.h */ = {isa = PBXFileReference; fileEncoding = 4; lastKnownFileType = sourcecode.c.h; path = PlayingInfo.h; sourceTree = "<group>"; };
		883CBC5B14358E0600D20499 /* PlayingInfo.m */ = {isa = PBXFileReference; fileEncoding = 4; lastKnownFileType = sourcecode.c.objc; path = PlayingInfo.m; sourceTree = "<group>"; };
		883CBC5C14358E0600D20499 /* PlayList.h */ = {isa = PBXFileReference; fileEncoding = 4; lastKnownFileType = sourcecode.c.h; path = PlayList.h; sourceTree = "<group>"; };
		883CBC5D14358E0600D20499 /* PlayList.m */ = {isa = PBXFileReference; fileEncoding = 4; lastKnownFileType = sourcecode.c.objc; path = PlayList.m; sourceTree = "<group>"; };
		883CBC5E14358E0600D20499 /* PrefController.h */ = {isa = PBXFileReference; fileEncoding = 4; lastKnownFileType = sourcecode.c.h; path = PrefController.h; sourceTree = "<group>"; };
		883CBC5F14358E0600D20499 /* PrefController.m */ = {isa = PBXFileReference; fileEncoding = 4; lastKnownFileType = sourcecode.c.objc; path = PrefController.m; sourceTree = "<group>"; };
		883CBC6014358E0600D20499 /* ResizeIndicator.h */ = {isa = PBXFileReference; fileEncoding = 4; lastKnownFileType = sourcecode.c.h; path = ResizeIndicator.h; sourceTree = "<group>"; };
		883CBC6114358E0600D20499 /* ResizeIndicator.m */ = {isa = PBXFileReference; fileEncoding = 4; lastKnownFileType = sourcecode.c.objc; path = ResizeIndicator.m; sourceTree = "<group>"; };
		883CBC6214358E0600D20499 /* resizeindicator.png */ = {isa = PBXFileReference; lastKnownFileType = image.png; path = resizeindicator.png; sourceTree = "<group>"; };
		883CBC6314358E0600D20499 /* RootLayerView.h */ = {isa = PBXFileReference; fileEncoding = 4; lastKnownFileType = sourcecode.c.h; path = RootLayerView.h; sourceTree = "<group>"; };
		883CBC6414358E0600D20499 /* RootLayerView.m */ = {isa = PBXFileReference; fileEncoding = 4; lastKnownFileType = sourcecode.c.objc; path = RootLayerView.m; sourceTree = "<group>"; };
		883CBC6514358E0600D20499 /* saturation-max.tiff */ = {isa = PBXFileReference; lastKnownFileType = image.tiff; path = "saturation-max.tiff"; sourceTree = "<group>"; };
		883CBC6614358E0600D20499 /* saturation-min.tiff */ = {isa = PBXFileReference; lastKnownFileType = image.tiff; path = "saturation-min.tiff"; sourceTree = "<group>"; };
		883CBC6714358E0600D20499 /* share.pdf */ = {isa = PBXFileReference; lastKnownFileType = image.pdf; path = share.pdf; sourceTree = "<group>"; };
		883CBC6814358E0600D20499 /* sharpen-max.tiff */ = {isa = PBXFileReference; lastKnownFileType = image.tiff; path = "sharpen-max.tiff"; sourceTree = "<group>"; };
		883CBC6914358E0600D20499 /* sharpen-min.tiff */ = {isa = PBXFileReference; lastKnownFileType = image.tiff; path = "sharpen-min.tiff"; sourceTree = "<group>"; };
		883CBC6A14358E0600D20499 /* ShortCutManager.h */ = {isa = PBXFileReference; fileEncoding = 4; lastKnownFileType = sourcecode.c.h; path = ShortCutManager.h; sourceTree = "<group>"; };
		883CBC6B14358E0600D20499 /* ShortCutManager.m */ = {isa = PBXFileReference; fileEncoding = 4; lastKnownFileType = sourcecode.c.objc; path = ShortCutManager.m; sourceTree = "<group>"; };
		883CBC6C14358E0600D20499 /* SPlayerX.icns */ = {isa = PBXFileReference; lastKnownFileType = image.icns; path = SPlayerX.icns; sourceTree = "<group>"; };
		883CBC6D14358E0600D20499 /* ssclThread.h */ = {isa = PBXFileReference; fileEncoding = 4; lastKnownFileType = sourcecode.c.h; name = ssclThread.h; path = SPlayerX/ssclThread.h; sourceTree = "<group>"; };
		883CBC6E14358E0600D20499 /* ssclThread.m */ = {isa = PBXFileReference; fileEncoding = 4; lastKnownFileType = sourcecode.c.objc; name = ssclThread.m; path = SPlayerX/ssclThread.m; sourceTree = "<group>"; };
		883CBC6F14358E0600D20499 /* StoreHandler.h */ = {isa = PBXFileReference; fileEncoding = 4; lastKnownFileType = sourcecode.c.h; path = StoreHandler.h; sourceTree = "<group>"; };
		883CBC7014358E0600D20499 /* StoreHandler.m */ = {isa = PBXFileReference; fileEncoding = 4; lastKnownFileType = sourcecode.c.objc; path = StoreHandler.m; sourceTree = "<group>"; };
		883CBC7114358E0600D20499 /* SubConverter.h */ = {isa = PBXFileReference; fileEncoding = 4; lastKnownFileType = sourcecode.c.h; path = SubConverter.h; sourceTree = "<group>"; };
		883CBC7214358E0600D20499 /* SubConverter.m */ = {isa = PBXFileReference; fileEncoding = 4; lastKnownFileType = sourcecode.c.objc; path = SubConverter.m; sourceTree = "<group>"; };
		883CBC7314358E0600D20499 /* SubInfo.h */ = {isa = PBXFileReference; fileEncoding = 4; lastKnownFileType = sourcecode.c.h; path = SubInfo.h; sourceTree = "<group>"; };
		883CBC7414358E0600D20499 /* SubInfo.m */ = {isa = PBXFileReference; fileEncoding = 4; lastKnownFileType = sourcecode.c.objc; path = SubInfo.m; sourceTree = "<group>"; };
		883CBC7514358E0600D20499 /* TimeFormatter.h */ = {isa = PBXFileReference; fileEncoding = 4; lastKnownFileType = sourcecode.c.h; path = TimeFormatter.h; sourceTree = "<group>"; };
		883CBC7614358E0600D20499 /* TimeFormatter.m */ = {isa = PBXFileReference; fileEncoding = 4; lastKnownFileType = sourcecode.c.objc; path = TimeFormatter.m; sourceTree = "<group>"; };
		883CBC7714358E0600D20499 /* TimeSliderCell.h */ = {isa = PBXFileReference; fileEncoding = 4; lastKnownFileType = sourcecode.c.h; path = TimeSliderCell.h; sourceTree = "<group>"; };
		883CBC7814358E0600D20499 /* TimeSliderCell.m */ = {isa = PBXFileReference; fileEncoding = 4; lastKnownFileType = sourcecode.c.objc; path = TimeSliderCell.m; sourceTree = "<group>"; };
		883CBC7914358E0600D20499 /* titlebar-corner-left.png */ = {isa = PBXFileReference; lastKnownFileType = image.png; path = "titlebar-corner-left.png"; sourceTree = "<group>"; };
		883CBC7A14358E0600D20499 /* titlebar-corner-right.png */ = {isa = PBXFileReference; lastKnownFileType = image.png; path = "titlebar-corner-right.png"; sourceTree = "<group>"; };
		883CBC7B14358E0600D20499 /* titlebar-middle.png */ = {isa = PBXFileReference; lastKnownFileType = image.png; path = "titlebar-middle.png"; sourceTree = "<group>"; };
		883CBC7C14358E0600D20499 /* TitleView.h */ = {isa = PBXFileReference; fileEncoding = 4; lastKnownFileType = sourcecode.c.h; path = TitleView.h; sourceTree = "<group>"; };
		883CBC7D14358E0600D20499 /* TitleView.m */ = {isa = PBXFileReference; fileEncoding = 4; lastKnownFileType = sourcecode.c.objc; path = TitleView.m; sourceTree = "<group>"; };
		883CBC7E14358E0600D20499 /* toolbar_audio.icns */ = {isa = PBXFileReference; lastKnownFileType = image.icns; path = toolbar_audio.icns; sourceTree = "<group>"; };
		883CBC7F14358E0600D20499 /* toolbar_video.icns */ = {isa = PBXFileReference; lastKnownFileType = image.icns; path = toolbar_video.icns; sourceTree = "<group>"; };
		883CBC8014358E0600D20499 /* unfold.pdf */ = {isa = PBXFileReference; lastKnownFileType = image.pdf; path = unfold.pdf; sourceTree = "<group>"; };
		883CBC8214358E0600D20499 /* UserDefaults.h */ = {isa = PBXFileReference; fileEncoding = 4; lastKnownFileType = sourcecode.c.h; path = UserDefaults.h; sourceTree = "<group>"; };
		883CBC8314358E0600D20499 /* UserDefaults.m */ = {isa = PBXFileReference; fileEncoding = 4; lastKnownFileType = sourcecode.c.objc; path = UserDefaults.m; sourceTree = "<group>"; };
		883CBC8414358E0600D20499 /* VideoInfo.h */ = {isa = PBXFileReference; fileEncoding = 4; lastKnownFileType = sourcecode.c.h; path = VideoInfo.h; sourceTree = "<group>"; };
		883CBC8514358E0600D20499 /* VideoInfo.m */ = {isa = PBXFileReference; fileEncoding = 4; lastKnownFileType = sourcecode.c.objc; path = VideoInfo.m; sourceTree = "<group>"; };
		883CBC8614358E0600D20499 /* VideoTunerController.h */ = {isa = PBXFileReference; fileEncoding = 4; lastKnownFileType = sourcecode.c.h; path = VideoTunerController.h; sourceTree = "<group>"; };
		883CBC8714358E0600D20499 /* VideoTunerController.m */ = {isa = PBXFileReference; fileEncoding = 4; lastKnownFileType = sourcecode.c.objc; path = VideoTunerController.m; sourceTree = "<group>"; };
		883CBC8814358E0600D20499 /* vol_high.pdf */ = {isa = PBXFileReference; lastKnownFileType = image.pdf; path = vol_high.pdf; sourceTree = "<group>"; };
		883CBC8914358E0600D20499 /* vol_low.pdf */ = {isa = PBXFileReference; lastKnownFileType = image.pdf; path = vol_low.pdf; sourceTree = "<group>"; };
		883CBC8A14358E0600D20499 /* vol_mid.pdf */ = {isa = PBXFileReference; lastKnownFileType = image.pdf; path = vol_mid.pdf; sourceTree = "<group>"; };
		883CBC8B14358E0600D20499 /* vol_no.pdf */ = {isa = PBXFileReference; lastKnownFileType = image.pdf; path = vol_no.pdf; sourceTree = "<group>"; };
		883CBC8C14358E0600D20499 /* WhiteIntermProgIndicator.h */ = {isa = PBXFileReference; fileEncoding = 4; lastKnownFileType = sourcecode.c.h; path = WhiteIntermProgIndicator.h; sourceTree = "<group>"; };
		883CBC8D14358E0600D20499 /* WhiteIntermProgIndicator.m */ = {isa = PBXFileReference; fileEncoding = 4; lastKnownFileType = sourcecode.c.objc; path = WhiteIntermProgIndicator.m; sourceTree = "<group>"; };
		883CBC8E14358E0600D20499 /* wqy-microhei.ttc */ = {isa = PBXFileReference; lastKnownFileType = file; path = "wqy-microhei.ttc"; sourceTree = "<group>"; };
		883CBD2E14358E6F00D20499 /* SystemConfiguration.framework */ = {isa = PBXFileReference; lastKnownFileType = wrapper.framework; name = SystemConfiguration.framework; path = System/Library/Frameworks/SystemConfiguration.framework; sourceTree = SDKROOT; };
		883CBD3014358E7E00D20499 /* WebKit.framework */ = {isa = PBXFileReference; lastKnownFileType = wrapper.framework; name = WebKit.framework; path = System/Library/Frameworks/WebKit.framework; sourceTree = SDKROOT; };
		883CBD3214358E8800D20499 /* OpenGL.framework */ = {isa = PBXFileReference; lastKnownFileType = wrapper.framework; name = OpenGL.framework; path = System/Library/Frameworks/OpenGL.framework; sourceTree = SDKROOT; };
		883CBD3414358E9100D20499 /* QuartzCore.framework */ = {isa = PBXFileReference; lastKnownFileType = wrapper.framework; name = QuartzCore.framework; path = System/Library/Frameworks/QuartzCore.framework; sourceTree = SDKROOT; };
		883CBD3614358E9900D20499 /* IOKit.framework */ = {isa = PBXFileReference; lastKnownFileType = wrapper.framework; name = IOKit.framework; path = System/Library/Frameworks/IOKit.framework; sourceTree = SDKROOT; };
		883CBD3B14359FD600D20499 /* UniversalDetector.xcodeproj */ = {isa = PBXFileReference; lastKnownFileType = "wrapper.pb-project"; name = UniversalDetector.xcodeproj; path = UniversalDetector/UniversalDetector.xcodeproj; sourceTree = "<group>"; };
		883CBD601435A09600D20499 /* AppleRemote.h */ = {isa = PBXFileReference; fileEncoding = 4; lastKnownFileType = sourcecode.c.h; path = AppleRemote.h; sourceTree = "<group>"; };
		883CBD611435A09600D20499 /* AppleRemote.m */ = {isa = PBXFileReference; fileEncoding = 4; lastKnownFileType = sourcecode.c.objc; path = AppleRemote.m; sourceTree = "<group>"; };
		883CBD671435A09600D20499 /* HIDRemoteControlDevice.h */ = {isa = PBXFileReference; fileEncoding = 4; lastKnownFileType = sourcecode.c.h; path = HIDRemoteControlDevice.h; sourceTree = "<group>"; };
		883CBD681435A09600D20499 /* HIDRemoteControlDevice.m */ = {isa = PBXFileReference; fileEncoding = 4; lastKnownFileType = sourcecode.c.objc; path = HIDRemoteControlDevice.m; sourceTree = "<group>"; };
		883CBD711435A09600D20499 /* RemoteControl.h */ = {isa = PBXFileReference; fileEncoding = 4; lastKnownFileType = sourcecode.c.h; path = RemoteControl.h; sourceTree = "<group>"; };
		883CBD721435A09600D20499 /* RemoteControl.m */ = {isa = PBXFileReference; fileEncoding = 4; lastKnownFileType = sourcecode.c.objc; path = RemoteControl.m; sourceTree = "<group>"; };
		883CBDAB1435A10F00D20499 /* StoreKit.framework */ = {isa = PBXFileReference; lastKnownFileType = wrapper.framework; name = StoreKit.framework; path = System/Library/Frameworks/StoreKit.framework; sourceTree = SDKROOT; };
		8846C54414362813009043F1 /* BGHUDAppKit.xcodeproj */ = {isa = PBXFileReference; lastKnownFileType = "wrapper.pb-project"; name = BGHUDAppKit.xcodeproj; path = BGHUDAppKit/BGHUDAppKit.xcodeproj; sourceTree = "<group>"; };
		8846C55614362936009043F1 /* binaries */ = {isa = PBXFileReference; lastKnownFileType = folder; path = binaries; sourceTree = "<group>"; };
		8846C5591436294F009043F1 /* plug-ins */ = {isa = PBXFileReference; lastKnownFileType = folder; path = "plug-ins"; sourceTree = "<group>"; };
		8885F74A19E55DA700FE7125 /* Images.xcassets */ = {isa = PBXFileReference; lastKnownFileType = folder.assetcatalog; path = Images.xcassets; sourceTree = "<group>"; };
		889E6D0D17B0D58500E86051 /* libssl.dylib */ = {isa = PBXFileReference; lastKnownFileType = "compiled.mach-o.dylib"; name = libssl.dylib; path = usr/lib/libssl.dylib; sourceTree = SDKROOT; };
		889E6D1417B0D9A000E86051 /* libcrypto.dylib */ = {isa = PBXFileReference; lastKnownFileType = "compiled.mach-o.dylib"; name = libcrypto.dylib; path = usr/lib/libcrypto.dylib; sourceTree = SDKROOT; };
		88CD153F1435859500CDDF1C /* Cocoa.framework */ = {isa = PBXFileReference; lastKnownFileType = wrapper.framework; name = Cocoa.framework; path = System/Library/Frameworks/Cocoa.framework; sourceTree = SDKROOT; };
		88CD15421435859500CDDF1C /* AppKit.framework */ = {isa = PBXFileReference; lastKnownFileType = wrapper.framework; name = AppKit.framework; path = System/Library/Frameworks/AppKit.framework; sourceTree = SDKROOT; };
		88CD15431435859500CDDF1C /* CoreData.framework */ = {isa = PBXFileReference; lastKnownFileType = wrapper.framework; name = CoreData.framework; path = System/Library/Frameworks/CoreData.framework; sourceTree = SDKROOT; };
		88CD15441435859500CDDF1C /* Foundation.framework */ = {isa = PBXFileReference; lastKnownFileType = wrapper.framework; name = Foundation.framework; path = System/Library/Frameworks/Foundation.framework; sourceTree = SDKROOT; };
		88CD15471435859500CDDF1C /* SPlayerX-Info.plist */ = {isa = PBXFileReference; lastKnownFileType = text.plist.xml; path = "SPlayerX-Info.plist"; sourceTree = "<group>"; };
		88CD154B1435859500CDDF1C /* main.m */ = {isa = PBXFileReference; lastKnownFileType = sourcecode.c.objc; path = main.m; sourceTree = "<group>"; };
		88CD154D1435859500CDDF1C /* SPlayerX-Prefix.pch */ = {isa = PBXFileReference; lastKnownFileType = sourcecode.c.h; path = "SPlayerX-Prefix.pch"; sourceTree = "<group>"; };
/* End PBXFileReference section */

/* Begin PBXFrameworksBuildPhase section */
		04DFB74214377946006B3F6F /* Frameworks */ = {
			isa = PBXFrameworksBuildPhase;
			buildActionMask = 2147483647;
			files = (
				8885F78A19E5E75800FE7125 /* libssl.dylib in Frameworks */,
				889E6D1517B0D9A000E86051 /* libcrypto.dylib in Frameworks */,
				889E6D0F17B0D62D00E86051 /* Security.framework in Frameworks */,
				04DFB74614377946006B3F6F /* CoreData.framework in Frameworks */,
				04DFB74714377946006B3F6F /* AppKit.framework in Frameworks */,
				04DFB74814377946006B3F6F /* Foundation.framework in Frameworks */,
				04DFB74914377946006B3F6F /* IOKit.framework in Frameworks */,
				880BFEB219ED6FB80031F8D9 /* BGHUDAppKit.framework in Frameworks */,
				880BFEB319ED6FC20031F8D9 /* UniversalDetector.framework in Frameworks */,
				04DFB74A14377946006B3F6F /* QuartzCore.framework in Frameworks */,
				04DFB74B14377946006B3F6F /* OpenGL.framework in Frameworks */,
				04DFB74C14377946006B3F6F /* WebKit.framework in Frameworks */,
				04DFB74D14377946006B3F6F /* SystemConfiguration.framework in Frameworks */,
				04DFB74E14377946006B3F6F /* Cocoa.framework in Frameworks */,
			);
			runOnlyForDeploymentPostprocessing = 0;
		};
/* End PBXFrameworksBuildPhase section */

/* Begin PBXGroup section */
		042BBC1C1436EBA900749603 /* en.lproj */ = {
			isa = PBXGroup;
			children = (
				042BBC1D1436EBA900749603 /* Equalizer.xib */,
				042BBC1F1436EBA900749603 /* InfoPlist.strings */,
				042BBC211436EBA900749603 /* Localizable.strings */,
				042BBC231436EBA900749603 /* MainMenu.xib */,
				042BBC251436EBA900749603 /* Pref.xib */,
				042BBC271436EBA900749603 /* SubEncoding.xib */,
				042BBC291436EBA900749603 /* VideoTuner.xib */,
			);
			path = en.lproj;
			sourceTree = "<group>";
		};
		042CE0301436CB4400730552 /* zh_cn.lproj */ = {
			isa = PBXGroup;
			children = (
				042CE0311436CB4400730552 /* Equalizer.xib */,
				042CE0331436CB4400730552 /* InfoPlist.strings */,
				042CE0351436CB4400730552 /* Localizable.strings */,
				042CE0371436CB4400730552 /* MainMenu.xib */,
				042CE0391436CB4400730552 /* Pref.xib */,
				042CE03B1436CB4400730552 /* SubEncoding.xib */,
				042CE03D1436CB4400730552 /* VideoTuner.xib */,
			);
			name = zh_cn.lproj;
			path = ../../splayerx/SPlayerX/zh_cn.lproj;
			sourceTree = "<group>";
		};
		042CE03F1436CB4400730552 /* zh_tw.lproj */ = {
			isa = PBXGroup;
			children = (
				042CE0401436CB4400730552 /* Equalizer.xib */,
				042CE0421436CB4400730552 /* InfoPlist.strings */,
				042CE0441436CB4400730552 /* Localizable.strings */,
				042CE0461436CB4400730552 /* MainMenu.xib */,
				042CE0481436CB4400730552 /* Pref.xib */,
				042CE04A1436CB4400730552 /* SubEncoding.xib */,
				042CE04C1436CB4400730552 /* VideoTuner.xib */,
			);
			name = zh_tw.lproj;
			path = ../../splayerx/SPlayerX/zh_tw.lproj;
			sourceTree = "<group>";
		};
		880BFEA219ED69800031F8D9 /* Products */ = {
			isa = PBXGroup;
			children = (
				880BFEA619ED69810031F8D9 /* SPlayerX.Quick.Look.qlgenerator */,
			);
			name = Products;
			sourceTree = "<group>";
		};
		883CBD3C14359FD600D20499 /* Products */ = {
			isa = PBXGroup;
			children = (
				883CBD4514359FD600D20499 /* UniversalDetector.framework */,
				883CBD4714359FD600D20499 /* DetectorTest */,
			);
			name = Products;
			sourceTree = "<group>";
		};
		883CBD5F1435A09600D20499 /* Apple Remote Control */ = {
			isa = PBXGroup;
			children = (
				883CBD601435A09600D20499 /* AppleRemote.h */,
				883CBD611435A09600D20499 /* AppleRemote.m */,
				883CBD671435A09600D20499 /* HIDRemoteControlDevice.h */,
				883CBD681435A09600D20499 /* HIDRemoteControlDevice.m */,
				883CBD711435A09600D20499 /* RemoteControl.h */,
				883CBD721435A09600D20499 /* RemoteControl.m */,
			);
			path = "Apple Remote Control";
			sourceTree = SOURCE_ROOT;
		};
		8846C54514362813009043F1 /* Products */ = {
			isa = PBXGroup;
			children = (
				8846C54E14362813009043F1 /* BGHUDAppKit.framework */,
				8846C55014362813009043F1 /* BGHUDAppKitPlugin.ibplugin */,
			);
			name = Products;
			sourceTree = "<group>";
		};
		8846C57E14362C53009043F1 /* Controllers */ = {
			isa = PBXGroup;
			children = (
				883CBC3E14358E0600D20499 /* LocalizedStrings.h */,
				883CBC0914358E0600D20499 /* DisplayLayer.h */,
				883CBC0A14358E0600D20499 /* DisplayLayer.m */,
				883CBC5614358E0600D20499 /* PlayerCore.h */,
				883CBC5714358E0600D20499 /* PlayerCore.m */,
				883CBC6314358E0600D20499 /* RootLayerView.h */,
				883CBC6414358E0600D20499 /* RootLayerView.m */,
				883CBC7C14358E0600D20499 /* TitleView.h */,
				883CBC7D14358E0600D20499 /* TitleView.m */,
				883CBC0114358E0600D20499 /* ControlUIView.h */,
				883CBC0214358E0600D20499 /* ControlUIView.m */,
				883CBC4E14358E0600D20499 /* OSDView.h */,
				883CBC4F14358E0600D20499 /* OSDView.m */,
				883CBC5814358E0600D20499 /* PlayerWindow.h */,
				883CBC5914358E0600D20499 /* PlayerWindow.m */,
				883CBC8614358E0600D20499 /* VideoTunerController.h */,
				883CBC8714358E0600D20499 /* VideoTunerController.m */,
				883CBC2714358E0600D20499 /* EqualizerController.h */,
				883CBC2814358E0600D20499 /* EqualizerController.m */,
				883CBC4B14358E0600D20499 /* OpenURLController.h */,
				883CBC4C14358E0600D20499 /* OpenURLController.m */,
				883CBC5414358E0600D20499 /* PlayerController.h */,
				883CBC5514358E0600D20499 /* PlayerController.m */,
				883CBC5E14358E0600D20499 /* PrefController.h */,
				883CBC5F14358E0600D20499 /* PrefController.m */,
				883CBC0314358E0600D20499 /* CoreController.h */,
				883CBC0414358E0600D20499 /* CoreController.m */,
				883CBBFA14358E0600D20499 /* CharsetQueryController.h */,
				883CBBFB14358E0600D20499 /* CharsetQueryController.m */,
				883CBBEC14358E0500D20499 /* AppController.h */,
				883CBBED14358E0500D20499 /* AppController.m */,
			);
			name = Controllers;
			sourceTree = "<group>";
		};
		8846C57F14362C64009043F1 /* Libraries */ = {
			isa = PBXGroup;
			children = (
				883CBC6D14358E0600D20499 /* ssclThread.h */,
				883CBC6E14358E0600D20499 /* ssclThread.m */,
				04D7005F143EDD24001E26AA /* validatereceipt.h */,
				04D70060143EDD24001E26AA /* validatereceipt.m */,
				883CBC3314358E0600D20499 /* GTMDefines.h */,
				883CBC3414358E0600D20499 /* GTMStringEncoding.h */,
				883CBC3514358E0600D20499 /* GTMStringEncoding.m */,
				883CBBF014358E0500D20499 /* Appirater.h */,
				883CBBF114358E0500D20499 /* Appirater.m */,
			);
			name = Libraries;
			path = ..;
			sourceTree = "<group>";
		};
		8846C58014362C85009043F1 /* Resources */ = {
			isa = PBXGroup;
			children = (
				042BBC1C1436EBA900749603 /* en.lproj */,
				042CE0301436CB4400730552 /* zh_cn.lproj */,
				042CE03F1436CB4400730552 /* zh_tw.lproj */,
				883CBC8814358E0600D20499 /* vol_high.pdf */,
				883CBC8914358E0600D20499 /* vol_low.pdf */,
				883CBC8A14358E0600D20499 /* vol_mid.pdf */,
				883CBC8B14358E0600D20499 /* vol_no.pdf */,
				883CBC8E14358E0600D20499 /* wqy-microhei.ttc */,
				883CBC6214358E0600D20499 /* resizeindicator.png */,
				883CBC6514358E0600D20499 /* saturation-max.tiff */,
				883CBC6614358E0600D20499 /* saturation-min.tiff */,
				883CBC6714358E0600D20499 /* share.pdf */,
				883CBC6814358E0600D20499 /* sharpen-max.tiff */,
				883CBC6914358E0600D20499 /* sharpen-min.tiff */,
				883CBC7914358E0600D20499 /* titlebar-corner-left.png */,
				883CBC7A14358E0600D20499 /* titlebar-corner-right.png */,
				883CBC7B14358E0600D20499 /* titlebar-middle.png */,
				883CBC7E14358E0600D20499 /* toolbar_audio.icns */,
				883CBC7F14358E0600D20499 /* toolbar_video.icns */,
				883CBC8014358E0600D20499 /* unfold.pdf */,
				883CBBFF14358E0600D20499 /* contrast-max.tiff */,
				883CBC0014358E0600D20499 /* contrast-min.tiff */,
				883CBBFC14358E0600D20499 /* close_big.png */,
				883CBBF614358E0500D20499 /* brightness-max.tiff */,
				883CBBF714358E0500D20499 /* brightness-min.tiff */,
				883CBC2614358E0600D20499 /* enterfullscreen.pdf */,
				883CBC2914358E0600D20499 /* exitfillscreen_lr.pdf */,
				883CBC2A14358E0600D20499 /* exitfillscreen_ub.pdf */,
				883CBC2B14358E0600D20499 /* exitfullscreen.pdf */,
				883CBC2C14358E0600D20499 /* fillscreen_lr.pdf */,
				883CBC2D14358E0600D20499 /* fillscreen_ub.pdf */,
				883CBC3014358E0600D20499 /* fold.pdf */,
				883CBC3114358E0600D20499 /* gamma-max.png */,
				883CBC3214358E0600D20499 /* gamma-min.png */,
				883CBC3614358E0600D20499 /* hue-minus.png */,
				883CBC3714358E0600D20499 /* hue-plus.png */,
				883CBC4314358E0600D20499 /* logo.png */,
				883CBC5214358E0600D20499 /* pause.pdf */,
				883CBC5314358E0600D20499 /* play.pdf */,
				883CBC4614358E0600D20499 /* mute.pdf */,
				883CBC4714358E0600D20499 /* noisereduction-max.tif */,
				883CBC4814358E0600D20499 /* noisereduction-min.tif */,
				883CBBF814358E0500D20499 /* busy-white.html */,
				883CBBF914358E0600D20499 /* busy.html */,
			);
			name = Resources;
			sourceTree = "<group>";
		};
		8846C58214362CBB009043F1 /* UI Components */ = {
			isa = PBXGroup;
			children = (
				883CBC7714358E0600D20499 /* TimeSliderCell.h */,
				883CBC7814358E0600D20499 /* TimeSliderCell.m */,
				883CBC3814358E0600D20499 /* HueSliderCell.h */,
				883CBC3914358E0600D20499 /* HueSliderCell.m */,
				883CBC6014358E0600D20499 /* ResizeIndicator.h */,
				883CBC6114358E0600D20499 /* ResizeIndicator.m */,
				883CBC8C14358E0600D20499 /* WhiteIntermProgIndicator.h */,
				883CBC8D14358E0600D20499 /* WhiteIntermProgIndicator.m */,
				883CBBF214358E0500D20499 /* ArrowTextField.h */,
				883CBBF314358E0500D20499 /* ArrowTextField.m */,
			);
			name = "UI Components";
			sourceTree = "<group>";
		};
		8846C58314362D4E009043F1 /* Tools */ = {
			isa = PBXGroup;
			children = (
				883CBC6A14358E0600D20499 /* ShortCutManager.h */,
				883CBC6B14358E0600D20499 /* ShortCutManager.m */,
				883CBC6F14358E0600D20499 /* StoreHandler.h */,
				883CBC7014358E0600D20499 /* StoreHandler.m */,
				883CBC7114358E0600D20499 /* SubConverter.h */,
				883CBC7214358E0600D20499 /* SubConverter.m */,
				883CBC7314358E0600D20499 /* SubInfo.h */,
				883CBC7414358E0600D20499 /* SubInfo.m */,
				883CBC8214358E0600D20499 /* UserDefaults.h */,
				883CBC8314358E0600D20499 /* UserDefaults.m */,
				883CBC8414358E0600D20499 /* VideoInfo.h */,
				883CBC8514358E0600D20499 /* VideoInfo.m */,
				883CBBF414358E0500D20499 /* AudioInfo.h */,
				883CBBF514358E0500D20499 /* AudioInfo.m */,
				883CBBFD14358E0600D20499 /* CocoaAppendix.h */,
				883CBBFE14358E0600D20499 /* CocoaAppendix.m */,
				883CBC0514358E0600D20499 /* coredef_private.h */,
				883CBC0614358E0600D20499 /* coredef_private.m */,
				883CBC0714358E0600D20499 /* coredef.h */,
				883CBC0814358E0600D20499 /* coredef.m */,
				883CBC0E14358E0600D20499 /* DOMProxySPlayer.h */,
				883CBC0F14358E0600D20499 /* DOMProxySPlayer.m */,
				883CBC3A14358E0600D20499 /* KeyCode.h */,
				883CBC3B14358E0600D20499 /* KeyCode.m */,
				883CBC3C14358E0600D20499 /* LaunchServiceHandler.h */,
				883CBC3D14358E0600D20499 /* LaunchServiceHandler.m */,
				883CBC3F14358E0600D20499 /* LogAnalyzeOperation.h */,
				883CBC4014358E0600D20499 /* LogAnalyzeOperation.m */,
				883CBC4114358E0600D20499 /* LogAnalyzer.h */,
				883CBC4214358E0600D20499 /* LogAnalyzer.m */,
				883CBC4414358E0600D20499 /* MovieInfo.h */,
				883CBC4514358E0600D20499 /* MovieInfo.m */,
				883CBC4914358E0600D20499 /* NSTokenAttachment.h */,
				883CBC4A14358E0600D20499 /* NSTokenAttachmentCell.h */,
				883CBC5014358E0600D20499 /* ParameterManager.h */,
				883CBC5114358E0600D20499 /* ParameterManager.m */,
				883CBC5A14358E0600D20499 /* PlayingInfo.h */,
				883CBC5B14358E0600D20499 /* PlayingInfo.m */,
				883CBC7514358E0600D20499 /* TimeFormatter.h */,
				883CBC7614358E0600D20499 /* TimeFormatter.m */,
				883CBC5C14358E0600D20499 /* PlayList.h */,
				883CBC5D14358E0600D20499 /* PlayList.m */,
				883CBC2E14358E0600D20499 /* FloatWrapFormatter.h */,
				883CBC2F14358E0600D20499 /* FloatWrapFormatter.m */,
			);
			name = Tools;
			sourceTree = "<group>";
		};
		88CD15301435859500CDDF1C = {
			isa = PBXGroup;
			children = (
				880BFEA119ED69800031F8D9 /* SPlayerX.Quick.Look.xcodeproj */,
				889E6D1417B0D9A000E86051 /* libcrypto.dylib */,
				889E6D0D17B0D58500E86051 /* libssl.dylib */,
				8846C54414362813009043F1 /* BGHUDAppKit.xcodeproj */,
				883CBD3B14359FD600D20499 /* UniversalDetector.xcodeproj */,
				88CD15451435859500CDDF1C /* SPlayerX */,
				8846C55614362936009043F1 /* binaries */,
				8846C5591436294F009043F1 /* plug-ins */,
				88CD153E1435859500CDDF1C /* Frameworks */,
				88CD153C1435859500CDDF1C /* Products */,
			);
			sourceTree = "<group>";
		};
		88CD153C1435859500CDDF1C /* Products */ = {
			isa = PBXGroup;
			children = (
				04DFB78E14377946006B3F6F /* SPlayerX.app */,
			);
			name = Products;
			sourceTree = "<group>";
		};
		88CD153E1435859500CDDF1C /* Frameworks */ = {
			isa = PBXGroup;
			children = (
				04D7005D143ED6E9001E26AA /* Security.framework */,
				88CD15421435859500CDDF1C /* AppKit.framework */,
				88CD15431435859500CDDF1C /* CoreData.framework */,
				88CD15441435859500CDDF1C /* Foundation.framework */,
				883CBDAB1435A10F00D20499 /* StoreKit.framework */,
				883CBD3614358E9900D20499 /* IOKit.framework */,
				883CBD3414358E9100D20499 /* QuartzCore.framework */,
				883CBD3214358E8800D20499 /* OpenGL.framework */,
				883CBD3014358E7E00D20499 /* WebKit.framework */,
				883CBD2E14358E6F00D20499 /* SystemConfiguration.framework */,
				88CD153F1435859500CDDF1C /* Cocoa.framework */,
			);
			name = Frameworks;
			sourceTree = "<group>";
		};
		88CD15451435859500CDDF1C /* SPlayerX */ = {
			isa = PBXGroup;
			children = (
				8846C58314362D4E009043F1 /* Tools */,
				8846C58214362CBB009043F1 /* UI Components */,
				8846C58014362C85009043F1 /* Resources */,
				8846C57F14362C64009043F1 /* Libraries */,
				8846C57E14362C53009043F1 /* Controllers */,
				883CBD5F1435A09600D20499 /* Apple Remote Control */,
				8885F74A19E55DA700FE7125 /* Images.xcassets */,
				88CD15461435859500CDDF1C /* Supporting Files */,
			);
			path = SPlayerX;
			sourceTree = "<group>";
		};
		88CD15461435859500CDDF1C /* Supporting Files */ = {
			isa = PBXGroup;
			children = (
				883CBC6C14358E0600D20499 /* SPlayerX.icns */,
				883CBC0B14358E0600D20499 /* doc_audio.icns */,
				883CBC0C14358E0600D20499 /* doc_sub.icns */,
				883CBC0D14358E0600D20499 /* doc_video.icns */,
				883CBBEE14358E0500D20499 /* AppDelegate.h */,
				883CBBEF14358E0500D20499 /* AppDelegate.m */,
				88CD15471435859500CDDF1C /* SPlayerX-Info.plist */,
				88CD154B1435859500CDDF1C /* main.m */,
				88CD154D1435859500CDDF1C /* SPlayerX-Prefix.pch */,
			);
			name = "Supporting Files";
			sourceTree = "<group>";
		};
/* End PBXGroup section */

/* Begin PBXNativeTarget section */
		04DFB70A14377946006B3F6F /* SPlayerX */ = {
			isa = PBXNativeTarget;
			buildConfigurationList = 04DFB78B14377946006B3F6F /* Build configuration list for PBXNativeTarget "SPlayerX" */;
			buildPhases = (
				04DFB70F14377946006B3F6F /* Generate info.plist */,
				04DFB71014377946006B3F6F /* Sources */,
				04DFB74214377946006B3F6F /* Frameworks */,
				04DFB74F14377946006B3F6F /* Copy Frameworks */,
				04DFB75214377946006B3F6F /* Resources */,
				04DFB78714377946006B3F6F /* Copy binaries */,
				04DFB78914377946006B3F6F /* Copy Plug-ins */,
				880BFEA919ED6C880031F8D9 /* CopyFiles */,
			);
			buildRules = (
			);
			dependencies = (
				880BFEA819ED6AC30031F8D9 /* PBXTargetDependency */,
				04DFB70B14377946006B3F6F /* PBXTargetDependency */,
				04DFB70D14377946006B3F6F /* PBXTargetDependency */,
			);
			name = SPlayerX;
			productName = SPlayerX;
			productReference = 04DFB78E14377946006B3F6F /* SPlayerX.app */;
			productType = "com.apple.product-type.application";
		};
/* End PBXNativeTarget section */

/* Begin PBXProject section */
		88CD15321435859500CDDF1C /* Project object */ = {
			isa = PBXProject;
			attributes = {
				LastUpgradeCheck = 0600;
				TargetAttributes = {
					04DFB70A14377946006B3F6F = {
						DevelopmentTeam = M6GT4ZS5X7;
					};
				};
			};
			buildConfigurationList = 88CD15351435859500CDDF1C /* Build configuration list for PBXProject "SPlayerX" */;
			compatibilityVersion = "Xcode 3.2";
			developmentRegion = English;
			hasScannedForEncodings = 0;
			knownRegions = (
				en,
				English,
				zh_CN,
				zh_TW,
				zh_cn,
				zh_tw,
			);
			mainGroup = 88CD15301435859500CDDF1C;
			productRefGroup = 88CD153C1435859500CDDF1C /* Products */;
			projectDirPath = "";
			projectReferences = (
				{
					ProductGroup = 8846C54514362813009043F1 /* Products */;
					ProjectRef = 8846C54414362813009043F1 /* BGHUDAppKit.xcodeproj */;
				},
				{
					ProductGroup = 880BFEA219ED69800031F8D9 /* Products */;
					ProjectRef = 880BFEA119ED69800031F8D9 /* SPlayerX.Quick.Look.xcodeproj */;
				},
				{
					ProductGroup = 883CBD3C14359FD600D20499 /* Products */;
					ProjectRef = 883CBD3B14359FD600D20499 /* UniversalDetector.xcodeproj */;
				},
			);
			projectRoot = "";
			targets = (
				04DFB70A14377946006B3F6F /* SPlayerX */,
			);
		};
/* End PBXProject section */

/* Begin PBXReferenceProxy section */
		880BFEA619ED69810031F8D9 /* SPlayerX.Quick.Look.qlgenerator */ = {
			isa = PBXReferenceProxy;
			fileType = wrapper.cfbundle;
			path = SPlayerX.Quick.Look.qlgenerator;
			remoteRef = 880BFEA519ED69810031F8D9 /* PBXContainerItemProxy */;
			sourceTree = BUILT_PRODUCTS_DIR;
		};
		883CBD4514359FD600D20499 /* UniversalDetector.framework */ = {
			isa = PBXReferenceProxy;
			fileType = wrapper.framework;
			path = UniversalDetector.framework;
			remoteRef = 883CBD4414359FD600D20499 /* PBXContainerItemProxy */;
			sourceTree = BUILT_PRODUCTS_DIR;
		};
		883CBD4714359FD600D20499 /* DetectorTest */ = {
			isa = PBXReferenceProxy;
			fileType = "compiled.mach-o.executable";
			path = DetectorTest;
			remoteRef = 883CBD4614359FD600D20499 /* PBXContainerItemProxy */;
			sourceTree = BUILT_PRODUCTS_DIR;
		};
		8846C54E14362813009043F1 /* BGHUDAppKit.framework */ = {
			isa = PBXReferenceProxy;
			fileType = wrapper.framework;
			path = BGHUDAppKit.framework;
			remoteRef = 8846C54D14362813009043F1 /* PBXContainerItemProxy */;
			sourceTree = BUILT_PRODUCTS_DIR;
		};
		8846C55014362813009043F1 /* BGHUDAppKitPlugin.ibplugin */ = {
			isa = PBXReferenceProxy;
			fileType = wrapper.cfbundle;
			path = BGHUDAppKitPlugin.ibplugin;
			remoteRef = 8846C54F14362813009043F1 /* PBXContainerItemProxy */;
			sourceTree = BUILT_PRODUCTS_DIR;
		};
/* End PBXReferenceProxy section */

/* Begin PBXResourcesBuildPhase section */
		04DFB75214377946006B3F6F /* Resources */ = {
			isa = PBXResourcesBuildPhase;
			buildActionMask = 2147483647;
			files = (
				880BFEC219ED735B0031F8D9 /* Equalizer.xib in Resources */,
				880BFEC319ED735B0031F8D9 /* InfoPlist.strings in Resources */,
				880BFEC419ED735B0031F8D9 /* Localizable.strings in Resources */,
				880BFEC519ED735B0031F8D9 /* MainMenu.xib in Resources */,
				880BFEC619ED735B0031F8D9 /* Pref.xib in Resources */,
				880BFEC719ED735B0031F8D9 /* SubEncoding.xib in Resources */,
				880BFEC819ED735B0031F8D9 /* VideoTuner.xib in Resources */,
				880BFEBB19ED73470031F8D9 /* Equalizer.xib in Resources */,
				880BFEBC19ED73470031F8D9 /* InfoPlist.strings in Resources */,
				880BFEBD19ED73470031F8D9 /* Localizable.strings in Resources */,
				880BFEBE19ED73470031F8D9 /* MainMenu.xib in Resources */,
				880BFEBF19ED73470031F8D9 /* Pref.xib in Resources */,
				880BFEC019ED73470031F8D9 /* SubEncoding.xib in Resources */,
				880BFEC119ED73470031F8D9 /* VideoTuner.xib in Resources */,
				04DFB87E14378526006B3F6F /* Equalizer.xib in Resources */,
				04DFB87F14378526006B3F6F /* InfoPlist.strings in Resources */,
				04DFB88014378526006B3F6F /* Localizable.strings in Resources */,
				04DFB88114378526006B3F6F /* MainMenu.xib in Resources */,
				04DFB88214378526006B3F6F /* Pref.xib in Resources */,
				04DFB88314378526006B3F6F /* SubEncoding.xib in Resources */,
				04DFB88414378526006B3F6F /* VideoTuner.xib in Resources */,
				04DFB75314377946006B3F6F /* brightness-max.tiff in Resources */,
				04DFB75414377946006B3F6F /* brightness-min.tiff in Resources */,
				04DFB75514377946006B3F6F /* busy-white.html in Resources */,
				04DFB75614377946006B3F6F /* busy.html in Resources */,
				04DFB75714377946006B3F6F /* close_big.png in Resources */,
				04DFB75814377946006B3F6F /* contrast-max.tiff in Resources */,
				04DFB75914377946006B3F6F /* contrast-min.tiff in Resources */,
				04DFB75A14377946006B3F6F /* doc_audio.icns in Resources */,
				04DFB75B14377946006B3F6F /* doc_sub.icns in Resources */,
				04DFB75C14377946006B3F6F /* doc_video.icns in Resources */,
				04DFB75D14377946006B3F6F /* enterfullscreen.pdf in Resources */,
				04DFB75E14377946006B3F6F /* exitfillscreen_lr.pdf in Resources */,
				04DFB75F14377946006B3F6F /* exitfillscreen_ub.pdf in Resources */,
				04DFB76014377946006B3F6F /* exitfullscreen.pdf in Resources */,
				04DFB76114377946006B3F6F /* fillscreen_lr.pdf in Resources */,
				04DFB76214377946006B3F6F /* fillscreen_ub.pdf in Resources */,
				04DFB76314377946006B3F6F /* fold.pdf in Resources */,
				04DFB76414377946006B3F6F /* gamma-max.png in Resources */,
				04DFB76514377946006B3F6F /* gamma-min.png in Resources */,
				04DFB76614377946006B3F6F /* hue-minus.png in Resources */,
				04DFB76714377946006B3F6F /* hue-plus.png in Resources */,
				04DFB76814377946006B3F6F /* logo.png in Resources */,
				04DFB76914377946006B3F6F /* mute.pdf in Resources */,
				04DFB76A14377946006B3F6F /* noisereduction-max.tif in Resources */,
				04DFB76B14377946006B3F6F /* noisereduction-min.tif in Resources */,
				04DFB76C14377946006B3F6F /* pause.pdf in Resources */,
				8885F74B19E55DA700FE7125 /* Images.xcassets in Resources */,
				04DFB76D14377946006B3F6F /* play.pdf in Resources */,
				04DFB76E14377946006B3F6F /* resizeindicator.png in Resources */,
				04DFB76F14377946006B3F6F /* saturation-max.tiff in Resources */,
				04DFB77014377946006B3F6F /* saturation-min.tiff in Resources */,
				04DFB77114377946006B3F6F /* share.pdf in Resources */,
				04DFB77214377946006B3F6F /* sharpen-max.tiff in Resources */,
				04DFB77314377946006B3F6F /* sharpen-min.tiff in Resources */,
				04DFB77514377946006B3F6F /* titlebar-corner-left.png in Resources */,
				04DFB77614377946006B3F6F /* titlebar-corner-right.png in Resources */,
				04DFB77714377946006B3F6F /* titlebar-middle.png in Resources */,
				04DFB77814377946006B3F6F /* toolbar_audio.icns in Resources */,
				04DFB77914377946006B3F6F /* toolbar_video.icns in Resources */,
				04DFB77A14377946006B3F6F /* unfold.pdf in Resources */,
				04DFB77B14377946006B3F6F /* vol_high.pdf in Resources */,
				04DFB77C14377946006B3F6F /* vol_low.pdf in Resources */,
				04DFB77D14377946006B3F6F /* vol_mid.pdf in Resources */,
				04DFB77E14377946006B3F6F /* vol_no.pdf in Resources */,
				04DFB77F14377946006B3F6F /* wqy-microhei.ttc in Resources */,
			);
			runOnlyForDeploymentPostprocessing = 0;
		};
/* End PBXResourcesBuildPhase section */

/* Begin PBXShellScriptBuildPhase section */
		04DFB70F14377946006B3F6F /* Generate info.plist */ = {
			isa = PBXShellScriptBuildPhase;
			buildActionMask = 2147483647;
			files = (
			);
			inputPaths = (
			);
			name = "Generate info.plist";
			outputPaths = (
			);
			runOnlyForDeploymentPostprocessing = 0;
			shellPath = /bin/sh;
			shellScript = "PATH=${PATH}:/opt/local/bin\ncd SPlayerX\nnewVersion=`hg id -n  | sed 's/^ *\\(.*\\)+ *$/\\1/'`\n/usr/libexec/PlistBuddy -c \"Set :CFBundleVersion $newVersion\" SPlayerX-Info.plist\n/usr/libexec/PlistBuddy -c \"Set :CFBundleIdentifier org.splayer.splayerx\" SPlayerX-Info.plist\n/usr/libexec/PlistBuddy -c \"Set :CFBundleName SPlayerX\" SPlayerX-Info.plist\n/usr/libexec/PlistBuddy -c \"Set :CFBundleDisplayName SPlayerX\" SPlayerX-Info.plist\n\ntouch -amfc SPlayerX-Info.plist\n\nexit 0";
		};
/* End PBXShellScriptBuildPhase section */

/* Begin PBXSourcesBuildPhase section */
		04DFB71014377946006B3F6F /* Sources */ = {
			isa = PBXSourcesBuildPhase;
			buildActionMask = 2147483647;
			files = (
				04DFB71114377946006B3F6F /* main.m in Sources */,
				04DFB71214377946006B3F6F /* AppController.m in Sources */,
				04DFB71314377946006B3F6F /* AppDelegate.m in Sources */,
				04DFB71414377946006B3F6F /* Appirater.m in Sources */,
				04DFB71514377946006B3F6F /* ArrowTextField.m in Sources */,
				04DFB71614377946006B3F6F /* AudioInfo.m in Sources */,
				04DFB71714377946006B3F6F /* CharsetQueryController.m in Sources */,
				04DFB71814377946006B3F6F /* CocoaAppendix.m in Sources */,
				04DFB71914377946006B3F6F /* ControlUIView.m in Sources */,
				04DFB71A14377946006B3F6F /* CoreController.m in Sources */,
				04DFB71B14377946006B3F6F /* coredef_private.m in Sources */,
				04DFB71C14377946006B3F6F /* coredef.m in Sources */,
				04DFB71D14377946006B3F6F /* DisplayLayer.m in Sources */,
				04DFB71E14377946006B3F6F /* DOMProxySPlayer.m in Sources */,
				04DFB71F14377946006B3F6F /* EqualizerController.m in Sources */,
				04DFB72014377946006B3F6F /* FloatWrapFormatter.m in Sources */,
				04DFB72114377946006B3F6F /* GTMStringEncoding.m in Sources */,
				04DFB72214377946006B3F6F /* HueSliderCell.m in Sources */,
				04DFB72314377946006B3F6F /* KeyCode.m in Sources */,
				04DFB72414377946006B3F6F /* LaunchServiceHandler.m in Sources */,
				04DFB72514377946006B3F6F /* LogAnalyzeOperation.m in Sources */,
				04DFB72614377946006B3F6F /* LogAnalyzer.m in Sources */,
				04DFB72714377946006B3F6F /* MovieInfo.m in Sources */,
				04DFB72814377946006B3F6F /* OpenURLController.m in Sources */,
				04DFB72914377946006B3F6F /* OSDView.m in Sources */,
				04DFB72A14377946006B3F6F /* ParameterManager.m in Sources */,
				04DFB72B14377946006B3F6F /* PlayerController.m in Sources */,
				04DFB72C14377946006B3F6F /* PlayerCore.m in Sources */,
				04DFB72D14377946006B3F6F /* PlayerWindow.m in Sources */,
				04DFB72E14377946006B3F6F /* PlayingInfo.m in Sources */,
				04DFB72F14377946006B3F6F /* PlayList.m in Sources */,
				04DFB73014377946006B3F6F /* PrefController.m in Sources */,
				04DFB73114377946006B3F6F /* ResizeIndicator.m in Sources */,
				04DFB73214377946006B3F6F /* RootLayerView.m in Sources */,
				04DFB73314377946006B3F6F /* ShortCutManager.m in Sources */,
				04DFB73414377946006B3F6F /* ssclThread.m in Sources */,
				04DFB73514377946006B3F6F /* StoreHandler.m in Sources */,
				04DFB73614377946006B3F6F /* SubConverter.m in Sources */,
				04DFB73714377946006B3F6F /* SubInfo.m in Sources */,
				04DFB73814377946006B3F6F /* TimeFormatter.m in Sources */,
				04DFB73914377946006B3F6F /* TimeSliderCell.m in Sources */,
				04DFB73A14377946006B3F6F /* TitleView.m in Sources */,
				889E6D0C17B0D4F000E86051 /* validatereceipt.m in Sources */,
				04DFB73B14377946006B3F6F /* UserDefaults.m in Sources */,
				04DFB73C14377946006B3F6F /* VideoInfo.m in Sources */,
				04DFB73D14377946006B3F6F /* VideoTunerController.m in Sources */,
				04DFB73E14377946006B3F6F /* WhiteIntermProgIndicator.m in Sources */,
				04DFB73F14377946006B3F6F /* AppleRemote.m in Sources */,
				04DFB74014377946006B3F6F /* HIDRemoteControlDevice.m in Sources */,
				04DFB74114377946006B3F6F /* RemoteControl.m in Sources */,
			);
			runOnlyForDeploymentPostprocessing = 0;
		};
/* End PBXSourcesBuildPhase section */

/* Begin PBXTargetDependency section */
		04DFB70B14377946006B3F6F /* PBXTargetDependency */ = {
			isa = PBXTargetDependency;
			name = BGHUDAppKit;
			targetProxy = 04DFB70C14377946006B3F6F /* PBXContainerItemProxy */;
		};
		04DFB70D14377946006B3F6F /* PBXTargetDependency */ = {
			isa = PBXTargetDependency;
			name = UniversalDetector;
			targetProxy = 04DFB70E14377946006B3F6F /* PBXContainerItemProxy */;
		};
		880BFEA819ED6AC30031F8D9 /* PBXTargetDependency */ = {
			isa = PBXTargetDependency;
			name = SPlayerX.Quick.Look;
			targetProxy = 880BFEA719ED6AC30031F8D9 /* PBXContainerItemProxy */;
		};
/* End PBXTargetDependency section */

/* Begin PBXVariantGroup section */
		042BBC1D1436EBA900749603 /* Equalizer.xib */ = {
			isa = PBXVariantGroup;
			children = (
				042BBC1E1436EBA900749603 /* en */,
			);
			name = Equalizer.xib;
			sourceTree = "<group>";
		};
		042BBC1F1436EBA900749603 /* InfoPlist.strings */ = {
			isa = PBXVariantGroup;
			children = (
				042BBC201436EBA900749603 /* en */,
			);
			name = InfoPlist.strings;
			sourceTree = "<group>";
		};
		042BBC211436EBA900749603 /* Localizable.strings */ = {
			isa = PBXVariantGroup;
			children = (
				042BBC221436EBA900749603 /* en */,
			);
			name = Localizable.strings;
			sourceTree = "<group>";
		};
		042BBC231436EBA900749603 /* MainMenu.xib */ = {
			isa = PBXVariantGroup;
			children = (
				042BBC241436EBA900749603 /* en */,
			);
			name = MainMenu.xib;
			sourceTree = "<group>";
		};
		042BBC251436EBA900749603 /* Pref.xib */ = {
			isa = PBXVariantGroup;
			children = (
				042BBC261436EBA900749603 /* en */,
			);
			name = Pref.xib;
			sourceTree = "<group>";
		};
		042BBC271436EBA900749603 /* SubEncoding.xib */ = {
			isa = PBXVariantGroup;
			children = (
				042BBC281436EBA900749603 /* en */,
			);
			name = SubEncoding.xib;
			sourceTree = "<group>";
		};
		042BBC291436EBA900749603 /* VideoTuner.xib */ = {
			isa = PBXVariantGroup;
			children = (
				042BBC2A1436EBA900749603 /* en */,
			);
			name = VideoTuner.xib;
			sourceTree = "<group>";
		};
		042CE0311436CB4400730552 /* Equalizer.xib */ = {
			isa = PBXVariantGroup;
			children = (
				042CE0321436CB4400730552 /* zh_cn */,
			);
			name = Equalizer.xib;
			sourceTree = "<group>";
		};
		042CE0331436CB4400730552 /* InfoPlist.strings */ = {
			isa = PBXVariantGroup;
			children = (
				042CE0341436CB4400730552 /* zh_cn */,
			);
			name = InfoPlist.strings;
			sourceTree = "<group>";
		};
		042CE0351436CB4400730552 /* Localizable.strings */ = {
			isa = PBXVariantGroup;
			children = (
				042CE0361436CB4400730552 /* zh_cn */,
			);
			name = Localizable.strings;
			sourceTree = "<group>";
		};
		042CE0371436CB4400730552 /* MainMenu.xib */ = {
			isa = PBXVariantGroup;
			children = (
				042CE0381436CB4400730552 /* zh_cn */,
			);
			name = MainMenu.xib;
			sourceTree = "<group>";
		};
		042CE0391436CB4400730552 /* Pref.xib */ = {
			isa = PBXVariantGroup;
			children = (
				042CE03A1436CB4400730552 /* zh_cn */,
			);
			name = Pref.xib;
			sourceTree = "<group>";
		};
		042CE03B1436CB4400730552 /* SubEncoding.xib */ = {
			isa = PBXVariantGroup;
			children = (
				042CE03C1436CB4400730552 /* zh_cn */,
			);
			name = SubEncoding.xib;
			sourceTree = "<group>";
		};
		042CE03D1436CB4400730552 /* VideoTuner.xib */ = {
			isa = PBXVariantGroup;
			children = (
				042CE03E1436CB4400730552 /* zh_cn */,
			);
			name = VideoTuner.xib;
			sourceTree = "<group>";
		};
		042CE0401436CB4400730552 /* Equalizer.xib */ = {
			isa = PBXVariantGroup;
			children = (
				042CE0411436CB4400730552 /* zh_tw */,
			);
			name = Equalizer.xib;
			sourceTree = "<group>";
		};
		042CE0421436CB4400730552 /* InfoPlist.strings */ = {
			isa = PBXVariantGroup;
			children = (
				042CE0431436CB4400730552 /* zh_tw */,
			);
			name = InfoPlist.strings;
			sourceTree = "<group>";
		};
		042CE0441436CB4400730552 /* Localizable.strings */ = {
			isa = PBXVariantGroup;
			children = (
				042CE0451436CB4400730552 /* zh_tw */,
			);
			name = Localizable.strings;
			sourceTree = "<group>";
		};
		042CE0461436CB4400730552 /* MainMenu.xib */ = {
			isa = PBXVariantGroup;
			children = (
				042CE0471436CB4400730552 /* zh_tw */,
			);
			name = MainMenu.xib;
			sourceTree = "<group>";
		};
		042CE0481436CB4400730552 /* Pref.xib */ = {
			isa = PBXVariantGroup;
			children = (
				042CE0491436CB4400730552 /* zh_tw */,
			);
			name = Pref.xib;
			sourceTree = "<group>";
		};
		042CE04A1436CB4400730552 /* SubEncoding.xib */ = {
			isa = PBXVariantGroup;
			children = (
				042CE04B1436CB4400730552 /* zh_tw */,
			);
			name = SubEncoding.xib;
			sourceTree = "<group>";
		};
		042CE04C1436CB4400730552 /* VideoTuner.xib */ = {
			isa = PBXVariantGroup;
			children = (
				042CE04D1436CB4400730552 /* zh_tw */,
			);
			name = VideoTuner.xib;
			sourceTree = "<group>";
		};
/* End PBXVariantGroup section */

/* Begin XCBuildConfiguration section */
		04DFB78C14377946006B3F6F /* Debug */ = {
			isa = XCBuildConfiguration;
			buildSettings = {
				ASSETCATALOG_COMPILER_APPICON_NAME = AppIcon;
				CODE_SIGN_IDENTITY = "Mac Developer";
				"CODE_SIGN_IDENTITY[sdk=macosx*]" = "Developer ID Application";
				COMBINE_HIDPI_IMAGES = YES;
				GCC_PRECOMPILE_PREFIX_HEADER = YES;
				GCC_PREFIX_HEADER = "SPlayerX/SPlayerX-Prefix.pch";
				INFOPLIST_FILE = "SPlayerX/SPlayerX-Info.plist";
				LIBRARY_SEARCH_PATHS = (
					"$(inherited)",
					"\"$(SRCROOT)/../../Downloads\"",
				);
				MACOSX_DEPLOYMENT_TARGET = 10.7;
				PRODUCT_NAME = SPlayerX;
				PROVISIONING_PROFILE = "";
				SDKROOT = macosx;
				WRAPPER_EXTENSION = app;
			};
			name = Debug;
		};
		04DFB78D14377946006B3F6F /* Release */ = {
			isa = XCBuildConfiguration;
			buildSettings = {
				ASSETCATALOG_COMPILER_APPICON_NAME = AppIcon;
				CODE_SIGN_IDENTITY = "Mac Developer";
				"CODE_SIGN_IDENTITY[sdk=macosx*]" = "3rd Party Mac Developer Application";
				COMBINE_HIDPI_IMAGES = YES;
				GCC_PRECOMPILE_PREFIX_HEADER = YES;
				GCC_PREFIX_HEADER = "SPlayerX/SPlayerX-Prefix.pch";
				INFOPLIST_FILE = "SPlayerX/SPlayerX-Info.plist";
				LIBRARY_SEARCH_PATHS = (
					"$(inherited)",
					"\"$(SRCROOT)/../../Downloads\"",
				);
				MACOSX_DEPLOYMENT_TARGET = 10.7;
				PRODUCT_NAME = SPlayerX;
				PROVISIONING_PROFILE = "";
				SDKROOT = macosx;
				WRAPPER_EXTENSION = app;
			};
			name = Release;
		};
		88CD15571435859500CDDF1C /* Debug */ = {
			isa = XCBuildConfiguration;
			buildSettings = {
				ALWAYS_SEARCH_USER_PATHS = NO;
				CLANG_ENABLE_OBJC_ARC = NO;
				CLANG_WARN_BOOL_CONVERSION = YES;
				CLANG_WARN_CONSTANT_CONVERSION = YES;
				CLANG_WARN_EMPTY_BODY = YES;
				CLANG_WARN_ENUM_CONVERSION = YES;
				CLANG_WARN_INT_CONVERSION = YES;
				CLANG_WARN_UNREACHABLE_CODE = YES;
				CLANG_WARN__DUPLICATE_METHOD_MATCH = YES;
				COPY_PHASE_STRIP = NO;
				ENABLE_STRICT_OBJC_MSGSEND = YES;
				GCC_C_LANGUAGE_STANDARD = gnu99;
				GCC_DYNAMIC_NO_PIC = NO;
				GCC_ENABLE_OBJC_EXCEPTIONS = YES;
				GCC_OPTIMIZATION_LEVEL = 0;
				GCC_PREPROCESSOR_DEFINITIONS = (
					"DEBUG=1",
					"$(inherited)",
				);
				GCC_SYMBOLS_PRIVATE_EXTERN = NO;
				GCC_VERSION = com.apple.compilers.llvm.clang.1_0;
				GCC_WARN_64_TO_32_BIT_CONVERSION = YES;
				GCC_WARN_ABOUT_MISSING_PROTOTYPES = YES;
				GCC_WARN_ABOUT_RETURN_TYPE = YES;
				GCC_WARN_UNDECLARED_SELECTOR = YES;
				GCC_WARN_UNINITIALIZED_AUTOS = YES;
				GCC_WARN_UNUSED_FUNCTION = YES;
				GCC_WARN_UNUSED_VARIABLE = YES;
				MACOSX_DEPLOYMENT_TARGET = 10.8;
				ONLY_ACTIVE_ARCH = YES;
				SDKROOT = macosx;
			};
			name = Debug;
		};
		88CD15581435859500CDDF1C /* Release */ = {
			isa = XCBuildConfiguration;
			buildSettings = {
				ALWAYS_SEARCH_USER_PATHS = NO;
				CLANG_ENABLE_OBJC_ARC = NO;
				CLANG_WARN_BOOL_CONVERSION = YES;
				CLANG_WARN_CONSTANT_CONVERSION = YES;
				CLANG_WARN_EMPTY_BODY = YES;
				CLANG_WARN_ENUM_CONVERSION = YES;
				CLANG_WARN_INT_CONVERSION = YES;
				CLANG_WARN_UNREACHABLE_CODE = YES;
				CLANG_WARN__DUPLICATE_METHOD_MATCH = YES;
				COPY_PHASE_STRIP = YES;
				DEBUG_INFORMATION_FORMAT = "dwarf-with-dsym";
				ENABLE_STRICT_OBJC_MSGSEND = YES;
				GCC_C_LANGUAGE_STANDARD = gnu99;
				GCC_ENABLE_OBJC_EXCEPTIONS = YES;
				GCC_VERSION = com.apple.compilers.llvm.clang.1_0;
				GCC_WARN_64_TO_32_BIT_CONVERSION = YES;
				GCC_WARN_ABOUT_MISSING_PROTOTYPES = YES;
				GCC_WARN_ABOUT_RETURN_TYPE = YES;
				GCC_WARN_UNDECLARED_SELECTOR = YES;
				GCC_WARN_UNINITIALIZED_AUTOS = YES;
				GCC_WARN_UNUSED_FUNCTION = YES;
				GCC_WARN_UNUSED_VARIABLE = YES;
				MACOSX_DEPLOYMENT_TARGET = 10.8;
				SDKROOT = macosx;
			};
			name = Release;
		};
/* End XCBuildConfiguration section */

/* Begin XCConfigurationList section */
		04DFB78B14377946006B3F6F /* Build configuration list for PBXNativeTarget "SPlayerX" */ = {
			isa = XCConfigurationList;
			buildConfigurations = (
				04DFB78C14377946006B3F6F /* Debug */,
				04DFB78D14377946006B3F6F /* Release */,
			);
			defaultConfigurationIsVisible = 0;
			defaultConfigurationName = Release;
		};
		88CD15351435859500CDDF1C /* Build configuration list for PBXProject "SPlayerX" */ = {
			isa = XCConfigurationList;
			buildConfigurations = (
				88CD15571435859500CDDF1C /* Debug */,
				88CD15581435859500CDDF1C /* Release */,
			);
			defaultConfigurationIsVisible = 0;
			defaultConfigurationName = Release;
		};
/* End XCConfigurationList section */
	};
	rootObject = 88CD15321435859500CDDF1C /* Project object */;
}
